
Microsoft Visual Studio Solution File, Format Version 12.00
# Visual Studio 2013
VisualStudioVersion = 12.0.30110.0
MinimumVisualStudioVersion = 10.0.40219.1
Project("{8BC9CEB8-8B4A-11D0-8D11-00A0C91BC942}") = "GUI", "GUI\GUI.vcxproj", "{A45897BA-6214-4004-A6E5-005ED1B3BE8B}"
	ProjectSection(ProjectDependencies) = postProject
		{73CC6A77-0A76-4840-B36B-D359407294B9} = {73CC6A77-0A76-4840-B36B-D359407294B9}
		{1F28BFD0-9215-46F0-AFED-AB7C529E4CFD} = {1F28BFD0-9215-46F0-AFED-AB7C529E4CFD}
		{287F72EA-3176-4E48-85B3-A58C320EAAFC} = {287F72EA-3176-4E48-85B3-A58C320EAAFC}
	EndProjectSection
EndProject
Project("{2150E333-8FDC-42A3-9474-1A3956D46DE8}") = "Docs", "Docs", "{6BF144FD-C18D-400A-AEE7-55C4FD08B326}"
	ProjectSection(SolutionItems) = preProject
		Docs\Change log.txt = Docs\Change log.txt
		Docs\Compiler Changes.txt = Docs\Compiler Changes.txt
		Docs\RichText Tags.txt = Docs\RichText Tags.txt
		Docs\Syntax File Comment.txt = Docs\Syntax File Comment.txt
		Docs\Task List.txt = Docs\Task List.txt
	EndProjectSection
EndProject
Project("{2150E333-8FDC-42A3-9474-1A3956D46DE8}") = "Problems", "Problems", "{66B7B11B-BD5E-472A-AE74-1DA5E7AF3587}"
	ProjectSection(SolutionItems) = preProject
		Docs\!job.fight.attackallenemies.xml = Docs\!job.fight.attackallenemies.xml
		Docs\!wing.cmd.attack.std.xml = Docs\!wing.cmd.attack.std.xml
		Docs\Problem Scripts.txt = Docs\Problem Scripts.txt
		Docs\z.cheat.cycrow.createwing.xml = Docs\z.cheat.cycrow.createwing.xml
	EndProjectSection
EndProject
Project("{8BC9CEB8-8B4A-11D0-8D11-00A0C91BC942}") = "Resources", "Resources\Resources.vcxproj", "{73CC6A77-0A76-4840-B36B-D359407294B9}"
EndProject
Project("{8BC9CEB8-8B4A-11D0-8D11-00A0C91BC942}") = "Utils", "Utils\Utils.vcxproj", "{287F72EA-3176-4E48-85B3-A58C320EAAFC}"
	ProjectSection(ProjectDependencies) = postProject
		{73CC6A77-0A76-4840-B36B-D359407294B9} = {73CC6A77-0A76-4840-B36B-D359407294B9}
	EndProjectSection
EndProject
Project("{2150E333-8FDC-42A3-9474-1A3956D46DE8}") = "Solution Items", "Solution Items", "{09A780D7-FC7A-43EE-AF96-27B556E4B8BB}"
	ProjectSection(SolutionItems) = preProject
		Macros.h = Macros.h
		PostBuild.bat = PostBuild.bat
		targetver.h = targetver.h
	EndProjectSection
EndProject
Project("{8BC9CEB8-8B4A-11D0-8D11-00A0C91BC942}") = "Logic", "Logic\Logic.vcxproj", "{1F28BFD0-9215-46F0-AFED-AB7C529E4CFD}"
	ProjectSection(ProjectDependencies) = postProject
		{73CC6A77-0A76-4840-B36B-D359407294B9} = {73CC6A77-0A76-4840-B36B-D359407294B9}
		{287F72EA-3176-4E48-85B3-A58C320EAAFC} = {287F72EA-3176-4E48-85B3-A58C320EAAFC}
	EndProjectSection
EndProject
Project("{2150E333-8FDC-42A3-9474-1A3956D46DE8}") = "Templates", "Templates", "{CE9A171E-C52B-42C8-A177-6B6788D02FF8}"
	ProjectSection(SolutionItems) = preProject
		Release\Templates\Language.Blank.xml = Release\Templates\Language.Blank.xml
		Release\Templates\Language.Command.xml = Release\Templates\Language.Command.xml
		Release\Templates\MSCI.Blank.xml = Release\Templates\MSCI.Blank.xml
		Release\Templates\MSCI.Command.xml = Release\Templates\MSCI.Command.xml
		Release\Templates\MSCI.Setup.xml = Release\Templates\MSCI.Setup.xml
		Docs\Templates\MSCI.Signal.ATTACKED.xml = Docs\Templates\MSCI.Signal.ATTACKED.xml
		Docs\Templates\MSCI.Signal.BUYWARE.xml = Docs\Templates\MSCI.Signal.BUYWARE.xml
		Docs\Templates\MSCI.Signal.DOCKED.xml = Docs\Templates\MSCI.Signal.DOCKED.xml
		Docs\Templates\MSCI.Signal.KILLED.xml = Docs\Templates\MSCI.Signal.KILLED.xml
		Docs\Templates\MSCI.Signal.LOADWARE.xml = Docs\Templates\MSCI.Signal.LOADWARE.xml
		Docs\Templates\Project.Blank.xprj = Docs\Templates\Project.Blank.xprj
	EndProjectSection
EndProject
Project("{2150E333-8FDC-42A3-9474-1A3956D46DE8}") = "Files", "Files", "{7B93AC5C-262B-4544-8523-F5E6291F4A1F}"
	ProjectSection(SolutionItems) = preProject
		Docs\Files\!config.create.nearplanet.pck = Docs\Files\!config.create.nearplanet.pck
		Docs\Files\!config.earth.torus.pck = Docs\Files\!config.earth.torus.pck
		Docs\Files\!fight.attack.enemiesrange.land.pck = Docs\Files\!fight.attack.enemiesrange.land.pck
		Docs\Files\!fight.defend.sector.pck = Docs\Files\!fight.defend.sector.pck
		Docs\Files\!fight.torus.turret.pck = Docs\Files\!fight.torus.turret.pck
		Docs\Files\!job.fight.attackallenemies.pck = Docs\Files\!job.fight.attackallenemies.pck
		Docs\Files\!job.pirate.plunderships.pck = Docs\Files\!job.pirate.plunderships.pck
		Docs\Files\!job.trade.docktrader.pck = Docs\Files\!job.trade.docktrader.pck
		Docs\Files\!lib.war.races.pck = Docs\Files\!lib.war.races.pck
		Docs\Files\!move.follow.template.pck = Docs\Files\!move.follow.template.pck
		Docs\Files\!move.scanpatrol.pck = Docs\Files\!move.scanpatrol.pck
		Docs\Files\lib.cycrow.isValidEmp.xml = Docs\Files\lib.cycrow.isValidEmp.xml
	EndProjectSection
EndProject
Project("{2150E333-8FDC-42A3-9474-1A3956D46DE8}") = "Data", "Data", "{0F294A80-3D3A-4AF8-878C-964B3329C770}"
	ProjectSection(SolutionItems) = preProject
		Data\BackupFile (Example).xml = Data\BackupFile (Example).xml
		Data\Command Syntax.txt = Data\Command Syntax.txt
		Data\Commands.xml = Data\Commands.xml
		Data\Descriptions (Backup).xml = Data\Descriptions (Backup).xml
		Data\Descriptions.xml = Data\Descriptions.xml
		Data\Templates.xml = Data\Templates.xml
	EndProjectSection
EndProject
Global
	GlobalSection(SolutionConfigurationPlatforms) = preSolution
		Debug|Win32 = Debug|Win32
		Release|Win32 = Release|Win32
	EndGlobalSection
	GlobalSection(ProjectConfigurationPlatforms) = postSolution
		{A45897BA-6214-4004-A6E5-005ED1B3BE8B}.Debug|Win32.ActiveCfg = Debug|Win32
		{A45897BA-6214-4004-A6E5-005ED1B3BE8B}.Debug|Win32.Build.0 = Debug|Win32
		{A45897BA-6214-4004-A6E5-005ED1B3BE8B}.Release|Win32.ActiveCfg = Release|Win32
		{A45897BA-6214-4004-A6E5-005ED1B3BE8B}.Release|Win32.Build.0 = Release|Win32
		{73CC6A77-0A76-4840-B36B-D359407294B9}.Debug|Win32.ActiveCfg = Debug|Win32
		{73CC6A77-0A76-4840-B36B-D359407294B9}.Debug|Win32.Build.0 = Debug|Win32
		{73CC6A77-0A76-4840-B36B-D359407294B9}.Release|Win32.ActiveCfg = Release|Win32
		{73CC6A77-0A76-4840-B36B-D359407294B9}.Release|Win32.Build.0 = Release|Win32
		{287F72EA-3176-4E48-85B3-A58C320EAAFC}.Debug|Win32.ActiveCfg = Debug|Win32
		{287F72EA-3176-4E48-85B3-A58C320EAAFC}.Debug|Win32.Build.0 = Debug|Win32
		{287F72EA-3176-4E48-85B3-A58C320EAAFC}.Release|Win32.ActiveCfg = Release|Win32
		{287F72EA-3176-4E48-85B3-A58C320EAAFC}.Release|Win32.Build.0 = Release|Win32
		{1F28BFD0-9215-46F0-AFED-AB7C529E4CFD}.Debug|Win32.ActiveCfg = Debug|Win32
		{1F28BFD0-9215-46F0-AFED-AB7C529E4CFD}.Debug|Win32.Build.0 = Debug|Win32
		{1F28BFD0-9215-46F0-AFED-AB7C529E4CFD}.Release|Win32.ActiveCfg = Release|Win32
		{1F28BFD0-9215-46F0-AFED-AB7C529E4CFD}.Release|Win32.Build.0 = Release|Win32
	EndGlobalSection
	GlobalSection(SolutionProperties) = preSolution
		HideSolutionNode = FALSE
	EndGlobalSection
	GlobalSection(NestedProjects) = preSolution
		{66B7B11B-BD5E-472A-AE74-1DA5E7AF3587} = {6BF144FD-C18D-400A-AEE7-55C4FD08B326}
		{7B93AC5C-262B-4544-8523-F5E6291F4A1F} = {6BF144FD-C18D-400A-AEE7-55C4FD08B326}
		{CE9A171E-C52B-42C8-A177-6B6788D02FF8} = {0F294A80-3D3A-4AF8-878C-964B3329C770}
	EndGlobalSection
	GlobalSection(ExtensibilityGlobals) = postSolution
		VisualSVNWorkingCopyRoot = .
	EndGlobalSection
EndGlobal
