
Microsoft Visual Studio Solution File, Format Version 12.00
# Visual Studio 2013
VisualStudioVersion = 12.0.21005.1
MinimumVisualStudioVersion = 10.0.40219.1
Project("{8BC9CEB8-8B4A-11D0-8D11-00A0C91BC942}") = "XStudio2", "XStudio2\XStudio2.vcxproj", "{A45897BA-6214-4004-A6E5-005ED1B3BE8B}"
EndProject
Project("{2150E333-8FDC-42A3-9474-1A3956D46DE8}") = "Docs", "Docs", "{6BF144FD-C18D-400A-AEE7-55C4FD08B326}"
	ProjectSection(SolutionItems) = preProject
		Docs\!job.fight.attackallenemies.xml = Docs\!job.fight.attackallenemies.xml
		Docs\!wing.cmd.attack.std.xml = Docs\!wing.cmd.attack.std.xml
		Docs\Problem Scripts.txt = Docs\Problem Scripts.txt
		Docs\z.cheat.cycrow.createwing.xml = Docs\z.cheat.cycrow.createwing.xml
	EndProjectSection
EndProject
Global
	GlobalSection(SolutionConfigurationPlatforms) = preSolution
		Debug|Win32 = Debug|Win32
		Release|Win32 = Release|Win32
	EndGlobalSection
	GlobalSection(ProjectConfigurationPlatforms) = postSolution
		{A45897BA-6214-4004-A6E5-005ED1B3BE8B}.Debug|Win32.ActiveCfg = Debug|Win32
		{A45897BA-6214-4004-A6E5-005ED1B3BE8B}.Debug|Win32.Build.0 = Debug|Win32
		{A45897BA-6214-4004-A6E5-005ED1B3BE8B}.Release|Win32.ActiveCfg = Release|Win32
		{A45897BA-6214-4004-A6E5-005ED1B3BE8B}.Release|Win32.Build.0 = Release|Win32
	EndGlobalSection
	GlobalSection(SolutionProperties) = preSolution
		HideSolutionNode = FALSE
	EndGlobalSection
	GlobalSection(ExtensibilityGlobals) = postSolution
		VisualSVNWorkingCopyRoot = .
	EndGlobalSection
EndGlobal
