<?xml version="1.0" encoding="utf-8"?>
<Project ToolsVersion="4.0" xmlns="http://schemas.microsoft.com/developer/msbuild/2003">
  <ItemGroup>
    <Filter Include="Source Files">
      <UniqueIdentifier>{4FC737F1-C7A5-4376-A066-2A32D752A2FF}</UniqueIdentifier>
      <Extensions>cpp;c;cc;cxx;def;odl;idl;hpj;bat;asm;asmx</Extensions>
    </Filter>
    <Filter Include="Header Files">
      <UniqueIdentifier>{93995380-89BD-4b04-88EB-625FBE52EBFB}</UniqueIdentifier>
      <Extensions>h;hh;hpp;hxx;hm;inl;inc;xsd</Extensions>
    </Filter>
    <Filter Include="Resource Files">
      <UniqueIdentifier>{67DA6AB6-F800-4c08-8B7A-83BB121AAD01}</UniqueIdentifier>
      <Extensions>rc;ico;cur;bmp;dlg;rc2;rct;bin;rgs;gif;jpg;jpeg;jpe;resx;tiff;tif;png;wav;mfcribbon-ms</Extensions>
    </Filter>
    <Filter Include="Source Files\Testing">
      <UniqueIdentifier>{d5733860-e872-4e1e-93b6-6a3a3ee998cf}</UniqueIdentifier>
    </Filter>
    <Filter Include="Header Files\TOM">
      <UniqueIdentifier>{4cc7f61a-aee8-4712-8a2b-39f9b94d4c1e}</UniqueIdentifier>
    </Filter>
    <Filter Include="Source Files\TOM">
      <UniqueIdentifier>{9339d70d-6165-4f4d-90dd-0516059b76f4}</UniqueIdentifier>
    </Filter>
    <Filter Include="Header Files\Testing">
      <UniqueIdentifier>{18a1fcc1-ba26-4550-abb3-a8269d8a9ea1}</UniqueIdentifier>
    </Filter>
    <Filter Include="Source Files\Controls">
      <UniqueIdentifier>{af9cdcef-7f32-4bb6-adcc-f2b84c4c6502}</UniqueIdentifier>
    </Filter>
    <Filter Include="Source Files\Documents">
      <UniqueIdentifier>{0993de96-55ce-488a-88b4-0bff6cf1e80f}</UniqueIdentifier>
    </Filter>
    <Filter Include="Source Files\Preferences">
      <UniqueIdentifier>{64a527fb-adc5-4e63-b84c-1f546a46fc98}</UniqueIdentifier>
    </Filter>
    <Filter Include="Source Files\Utils">
      <UniqueIdentifier>{b099d206-09b5-4acb-93c3-73269b31bc55}</UniqueIdentifier>
    </Filter>
    <Filter Include="Source Files\Views">
      <UniqueIdentifier>{412f0bcd-51c8-4d67-88aa-3f994a98ed79}</UniqueIdentifier>
    </Filter>
    <Filter Include="Source Files\Windows">
      <UniqueIdentifier>{0c13970a-dc54-42fa-b4f9-337c707431e1}</UniqueIdentifier>
    </Filter>
    <Filter Include="Header Files\Controls">
      <UniqueIdentifier>{6f3f9ea7-cdcd-42fc-a25c-167d62390c5b}</UniqueIdentifier>
    </Filter>
    <Filter Include="Header Files\Documents">
      <UniqueIdentifier>{6627568b-9ef3-4ca3-9b3a-417ad6e3785f}</UniqueIdentifier>
    </Filter>
    <Filter Include="Header Files\Preferences">
      <UniqueIdentifier>{062daa7a-f7f9-4204-a264-7d8dc2c82202}</UniqueIdentifier>
    </Filter>
    <Filter Include="Header Files\Utils">
      <UniqueIdentifier>{74b91542-8ce8-4345-9d84-141f96388b14}</UniqueIdentifier>
    </Filter>
    <Filter Include="Header Files\Views">
      <UniqueIdentifier>{2ee8dfd1-9ee4-4227-8edd-109fce1ffcbc}</UniqueIdentifier>
    </Filter>
    <Filter Include="Header Files\Windows">
      <UniqueIdentifier>{f42b7282-ec62-452b-acbb-58e47b8528c6}</UniqueIdentifier>
    </Filter>
  </ItemGroup>
  <ItemGroup>
    <ClInclude Include="ScriptView.h">
      <Filter>Header Files\Views</Filter>
    </ClInclude>
    <ClInclude Include="LanguageEditView.h">
      <Filter>Header Files\Views</Filter>
    </ClInclude>
    <ClInclude Include="LanguageFrame.h">
      <Filter>Header Files\Views</Filter>
    </ClInclude>
    <ClInclude Include="LanguagePageView.h">
      <Filter>Header Files\Views</Filter>
    </ClInclude>
    <ClInclude Include="LanguageStringView.h">
      <Filter>Header Files\Views</Filter>
    </ClInclude>
    <ClInclude Include="ScriptEdit.h">
      <Filter>Header Files\Controls</Filter>
    </ClInclude>
    <ClInclude Include="SuggestionList.h">
      <Filter>Header Files\Controls</Filter>
    </ClInclude>
    <ClInclude Include="Helpers.h">
      <Filter>Header Files\Controls</Filter>
    </ClInclude>
    <ClInclude Include="AboutDlg.h">
      <Filter>Header Files\Windows</Filter>
    </ClInclude>
    <ClInclude Include="CommandWnd.h">
      <Filter>Header Files\Windows</Filter>
    </ClInclude>
    <ClInclude Include="GameDataWnd.h">
      <Filter>Header Files\Windows</Filter>
    </ClInclude>
    <ClInclude Include="GameObjectWnd.h">
      <Filter>Header Files\Windows</Filter>
    </ClInclude>
    <ClInclude Include="MainWnd.h">
      <Filter>Header Files\Windows</Filter>
    </ClInclude>
    <ClInclude Include="OutputWnd.h">
      <Filter>Header Files\Windows</Filter>
    </ClInclude>
    <ClInclude Include="ProjectWnd.h">
      <Filter>Header Files\Windows</Filter>
    </ClInclude>
    <ClInclude Include="PropertiesWnd.h">
      <Filter>Header Files\Windows</Filter>
    </ClInclude>
    <ClInclude Include="ScriptObjectWnd.h">
      <Filter>Header Files\Windows</Filter>
    </ClInclude>
    <ClInclude Include="ScriptDocument.h">
      <Filter>Header Files\Documents</Filter>
    </ClInclude>
    <ClInclude Include="LanguageDocument.h">
      <Filter>Header Files\Documents</Filter>
    </ClInclude>
    <ClInclude Include="ToolBarEx.h">
      <Filter>Header Files\Controls</Filter>
    </ClInclude>
    <ClInclude Include="ImageListEx.h">
      <Filter>Header Files\Utils</Filter>
    </ClInclude>
    <ClInclude Include="RichTextRenderer.h">
      <Filter>Header Files\Utils</Filter>
    </ClInclude>
    <ClInclude Include="CustomDrawImpl.hpp">
      <Filter>Header Files\Utils</Filter>
    </ClInclude>
    <ClInclude Include="ListViewCustomDraw.h">
      <Filter>Header Files\Utils</Filter>
    </ClInclude>
    <ClInclude Include="FindDialog.h">
      <Filter>Header Files\Windows</Filter>
    </ClInclude>
    <ClInclude Include="DocumentBase.h">
      <Filter>Header Files\Documents</Filter>
    </ClInclude>
    <ClInclude Include="FindProgressDialog.h">
      <Filter>Header Files\Windows</Filter>
    </ClInclude>
    <ClInclude Include="SearchOperation.h">
      <Filter>Header Files\Utils</Filter>
    </ClInclude>
    <ClInclude Include="OutputList.h">
      <Filter>Header Files\Controls</Filter>
    </ClInclude>
    <ClInclude Include="FindComboBox.h">
      <Filter>Header Files\Controls</Filter>
    </ClInclude>
    <ClInclude Include="PropertyGrid.h">
      <Filter>Header Files\Controls</Filter>
    </ClInclude>
    <ClInclude Include="PropertySource.h">
      <Filter>Header Files\Utils</Filter>
    </ClInclude>
    <ClInclude Include="ProjectDocument.h">
      <Filter>Header Files\Documents</Filter>
    </ClInclude>
    <ClInclude Include="ProjectTreeCtrl.h">
      <Filter>Header Files\Controls</Filter>
    </ClInclude>
    <ClInclude Include="RichEditEx.h">
      <Filter>Header Files\Controls</Filter>
    </ClInclude>
    <ClInclude Include="CustomTooltip.h">
      <Filter>Header Files\Controls</Filter>
    </ClInclude>
    <ClInclude Include="LanguageEdit.h">
      <Filter>Header Files\Controls</Filter>
    </ClInclude>
    <ClInclude Include="OleBitmap.h">
      <Filter>Header Files\Utils</Filter>
    </ClInclude>
    <ClInclude Include="GuiCommand.h">
      <Filter>Header Files\Utils</Filter>
    </ClInclude>
    <ClInclude Include="Clipboard.h">
      <Filter>Header Files\Utils</Filter>
    </ClInclude>
    <ClInclude Include="RichStringWriter.h">
      <Filter>Header Files\Utils</Filter>
    </ClInclude>
    <ClInclude Include="GeneralPage.h">
      <Filter>Header Files\Preferences</Filter>
    </ClInclude>
    <ClInclude Include="CompilerPage.h">
      <Filter>Header Files\Preferences</Filter>
    </ClInclude>
    <ClInclude Include="EditorPage.h">
      <Filter>Header Files\Preferences</Filter>
    </ClInclude>
    <ClInclude Include="PreferencesPage.h">
      <Filter>Header Files\Preferences</Filter>
    </ClInclude>
    <ClInclude Include="PreferencesDialog.h">
      <Filter>Header Files\Preferences</Filter>
    </ClInclude>
    <ClInclude Include="NewDocumentDialog.h">
      <Filter>Header Files\Windows</Filter>
    </ClInclude>
    <ClInclude Include="RefactorDialog.h">
      <Filter>Header Files\Windows</Filter>
    </ClInclude>
    <ClInclude Include="SplashWnd.h">
      <Filter>Header Files\Windows</Filter>
    </ClInclude>
    <ClInclude Include="SymbolDialog.h">
      <Filter>Header Files\Windows</Filter>
    </ClInclude>
    <ClInclude Include="DiffFrame.h">
      <Filter>Header Files\Views</Filter>
    </ClInclude>
    <ClInclude Include="DiffView.h">
      <Filter>Header Files\Views</Filter>
    </ClInclude>
    <ClInclude Include="DiffDocument.h">
      <Filter>Header Files\Documents</Filter>
    </ClInclude>
    <ClInclude Include="DiffEdit.h">
      <Filter>Header Files\Controls</Filter>
    </ClInclude>
    <ClInclude Include="RefactorEdit.h">
      <Filter>Header Files\Controls</Filter>
    </ClInclude>
    <ClInclude Include="BackupWnd.h">
      <Filter>Header Files\Windows</Filter>
    </ClInclude>
    <ClInclude Include="ImportProjectDialog.h">
      <Filter>Header Files\Windows</Filter>
    </ClInclude>
    <ClInclude Include="BackupList.h">
      <Filter>Header Files\Controls</Filter>
    </ClInclude>
    <ClInclude Include="SyntaxPage.h">
      <Filter>Header Files\Preferences</Filter>
    </ClInclude>
    <ClInclude Include="CommitDialog.h">
      <Filter>Header Files\Windows</Filter>
    </ClInclude>
    <ClInclude Include="ArgumentDialog.h">
      <Filter>Header Files\Windows</Filter>
    </ClInclude>
    <ClInclude Include="..\TOM\stdafx.h">
      <Filter>Header Files\TOM</Filter>
    </ClInclude>
    <ClInclude Include="..\TOM\tom.h">
      <Filter>Header Files\TOM</Filter>
    </ClInclude>
    <ClInclude Include="..\Testing\GuiTests.h">
      <Filter>Header Files\Testing</Filter>
    </ClInclude>
    <ClInclude Include="stdafx.h">
      <Filter>Header Files</Filter>
    </ClInclude>
    <ClInclude Include="Application.h">
      <Filter>Header Files</Filter>
    </ClInclude>
    <ClInclude Include="resources.h">
      <Filter>Header Files</Filter>
    </ClInclude>
  </ItemGroup>
  <ItemGroup>
    <ClCompile Include="stdafx.cpp">
      <Filter>Source Files</Filter>
    </ClCompile>
    <ClCompile Include="ScriptView.cpp">
      <Filter>Source Files\Views</Filter>
    </ClCompile>
    <ClCompile Include="LanguageEditView.cpp">
      <Filter>Source Files\Views</Filter>
    </ClCompile>
    <ClCompile Include="LanguageFrame.cpp">
      <Filter>Source Files\Views</Filter>
    </ClCompile>
    <ClCompile Include="LanguagePageView.cpp">
      <Filter>Source Files\Views</Filter>
    </ClCompile>
    <ClCompile Include="LanguageStringView.cpp">
      <Filter>Source Files\Views</Filter>
    </ClCompile>
    <ClCompile Include="ScriptEdit.cpp">
      <Filter>Source Files\Controls</Filter>
    </ClCompile>
    <ClCompile Include="SuggestionList.cpp">
      <Filter>Source Files\Controls</Filter>
    </ClCompile>
    <ClCompile Include="AboutDlg.cpp">
      <Filter>Source Files\Windows</Filter>
    </ClCompile>
    <ClCompile Include="CommandWnd.cpp">
      <Filter>Source Files\Windows</Filter>
    </ClCompile>
    <ClCompile Include="GameDataWnd.cpp">
      <Filter>Source Files\Windows</Filter>
    </ClCompile>
    <ClCompile Include="GameObjectWnd.cpp">
      <Filter>Source Files\Windows</Filter>
    </ClCompile>
    <ClCompile Include="MainWnd.cpp">
      <Filter>Source Files\Windows</Filter>
    </ClCompile>
    <ClCompile Include="OutputWnd.cpp">
      <Filter>Source Files\Windows</Filter>
    </ClCompile>
    <ClCompile Include="ProjectWnd.cpp">
      <Filter>Source Files\Windows</Filter>
    </ClCompile>
    <ClCompile Include="PropertiesWnd.cpp">
      <Filter>Source Files\Windows</Filter>
    </ClCompile>
    <ClCompile Include="ScriptObjectWnd.cpp">
      <Filter>Source Files\Windows</Filter>
    </ClCompile>
    <ClCompile Include="LanguageDocument.cpp">
      <Filter>Source Files\Documents</Filter>
    </ClCompile>
    <ClCompile Include="ScriptDocument.cpp">
      <Filter>Source Files\Documents</Filter>
    </ClCompile>
    <ClCompile Include="ToolBarEx.cpp">
      <Filter>Source Files\Controls</Filter>
    </ClCompile>
    <ClCompile Include="ImageListEx.cpp">
      <Filter>Source Files\Utils</Filter>
    </ClCompile>
    <ClCompile Include="RichTextRenderer.cpp">
      <Filter>Source Files\Utils</Filter>
    </ClCompile>
    <ClCompile Include="ListViewCustomDraw.cpp">
      <Filter>Source Files\Utils</Filter>
    </ClCompile>
    <ClCompile Include="FindDialog.cpp">
      <Filter>Source Files\Windows</Filter>
    </ClCompile>
    <ClCompile Include="DocumentBase.cpp">
      <Filter>Source Files\Documents</Filter>
    </ClCompile>
    <ClCompile Include="FindProgressDialog.cpp">
      <Filter>Source Files\Windows</Filter>
    </ClCompile>
    <ClCompile Include="SearchOperation.cpp">
      <Filter>Source Files\Utils</Filter>
    </ClCompile>
    <ClCompile Include="OutputList.cpp">
      <Filter>Source Files\Controls</Filter>
    </ClCompile>
    <ClCompile Include="FindComboBox.cpp">
      <Filter>Source Files\Controls</Filter>
    </ClCompile>
    <ClCompile Include="PropertyGrid.cpp">
      <Filter>Source Files\Controls</Filter>
    </ClCompile>
    <ClCompile Include="ProjectDocument.cpp">
      <Filter>Source Files\Documents</Filter>
    </ClCompile>
    <ClCompile Include="ProjectTreeCtrl.cpp">
      <Filter>Source Files\Controls</Filter>
    </ClCompile>
    <ClCompile Include="RichEditEx.cpp">
      <Filter>Source Files\Controls</Filter>
    </ClCompile>
    <ClCompile Include="CustomTooltip.cpp">
      <Filter>Source Files\Controls</Filter>
    </ClCompile>
    <ClCompile Include="LanguageEdit.cpp">
      <Filter>Source Files\Controls</Filter>
    </ClCompile>
    <ClCompile Include="LanguageEditCallback.cpp">
      <Filter>Source Files\Controls</Filter>
    </ClCompile>
    <ClCompile Include="OleBitmap.cpp">
      <Filter>Source Files\Utils</Filter>
    </ClCompile>
    <ClCompile Include="Clipboard.cpp">
      <Filter>Source Files\Utils</Filter>
    </ClCompile>
    <ClCompile Include="RichStringWriter.cpp">
      <Filter>Source Files\Utils</Filter>
    </ClCompile>
    <ClCompile Include="GeneralPage.cpp">
      <Filter>Source Files\Preferences</Filter>
    </ClCompile>
    <ClCompile Include="CompilerPage.cpp">
      <Filter>Source Files\Preferences</Filter>
    </ClCompile>
    <ClCompile Include="EditorPage.cpp">
      <Filter>Source Files\Preferences</Filter>
    </ClCompile>
    <ClCompile Include="PreferencesPage.cpp">
      <Filter>Source Files\Preferences</Filter>
    </ClCompile>
    <ClCompile Include="PreferencesDialog.cpp">
      <Filter>Source Files\Preferences</Filter>
    </ClCompile>
    <ClCompile Include="NewDocumentDialog.cpp">
      <Filter>Source Files\Windows</Filter>
    </ClCompile>
    <ClCompile Include="SplashWnd.cpp">
      <Filter>Source Files\Windows</Filter>
    </ClCompile>
    <ClCompile Include="RefactorDialog.cpp">
      <Filter>Source Files\Windows</Filter>
    </ClCompile>
    <ClCompile Include="SymbolDialog.cpp">
      <Filter>Source Files\Windows</Filter>
    </ClCompile>
    <ClCompile Include="DiffFrame.cpp">
      <Filter>Source Files\Views</Filter>
    </ClCompile>
    <ClCompile Include="DiffView.cpp">
      <Filter>Source Files\Views</Filter>
    </ClCompile>
    <ClCompile Include="DiffDocument.cpp">
      <Filter>Source Files\Documents</Filter>
    </ClCompile>
    <ClCompile Include="DiffEdit.cpp">
      <Filter>Source Files\Controls</Filter>
    </ClCompile>
    <ClCompile Include="RefactorEdit.cpp">
      <Filter>Source Files\Controls</Filter>
    </ClCompile>
    <ClCompile Include="BackupWnd.cpp">
      <Filter>Source Files\Windows</Filter>
    </ClCompile>
    <ClCompile Include="ImportProjectDialog.cpp">
      <Filter>Source Files\Windows</Filter>
    </ClCompile>
    <ClCompile Include="ProjectDocTemplate.cpp">
      <Filter>Source Files\Documents</Filter>
    </ClCompile>
    <ClCompile Include="BackupList.cpp">
      <Filter>Source Files\Controls</Filter>
    </ClCompile>
    <ClCompile Include="SyntaxPage.cpp">
      <Filter>Source Files\Preferences</Filter>
    </ClCompile>
    <ClCompile Include="CommitDialog.cpp">
      <Filter>Source Files\Windows</Filter>
    </ClCompile>
    <ClCompile Include="ArgumentDialog.cpp">
      <Filter>Source Files\Windows</Filter>
    </ClCompile>
    <ClCompile Include="..\TOM\msftedit.cpp">
      <Filter>Source Files\TOM</Filter>
    </ClCompile>
    <ClCompile Include="..\Testing\GuiTests.cpp">
      <Filter>Source Files\Testing</Filter>
    </ClCompile>
    <ClCompile Include="Application.cpp">
      <Filter>Source Files</Filter>
    </ClCompile>
  </ItemGroup>
  <ItemGroup>
    <None Include="cpp.hint" />
    <None Include="..\TOM\msftedit.tlh">
      <Filter>Header Files\TOM</Filter>
    </None>
  </ItemGroup>
  <ItemGroup>
    <ResourceCompile Include="Resources.rc">
      <Filter>Resource Files</Filter>
    </ResourceCompile>
  </ItemGroup>
</Project>