<?xml version="1.0" encoding="utf-8"?>
<Project ToolsVersion="4.0" xmlns="http://schemas.microsoft.com/developer/msbuild/2003">
  <ItemGroup>
    <Filter Include="Source Files">
      <UniqueIdentifier>{4FC737F1-C7A5-4376-A066-2A32D752A2FF}</UniqueIdentifier>
      <Extensions>cpp;c;cc;cxx;def;odl;idl;hpj;bat;asm;asmx</Extensions>
    </Filter>
    <Filter Include="Header Files">
      <UniqueIdentifier>{93995380-89BD-4b04-88EB-625FBE52EBFB}</UniqueIdentifier>
      <Extensions>h;hh;hpp;hxx;hm;inl;inc;xsd</Extensions>
    </Filter>
    <Filter Include="Resource Files">
      <UniqueIdentifier>{67DA6AB6-F800-4c08-8B7A-83BB121AAD01}</UniqueIdentifier>
      <Extensions>rc;ico;cur;bmp;dlg;rc2;rct;bin;rgs;gif;jpg;jpeg;jpe;resx;tiff;tif;png;wav;mfcribbon-ms</Extensions>
    </Filter>
    <Filter Include="Resource Files\Files">
      <UniqueIdentifier>{2589df15-25b6-47e3-9d4c-91aa9b903774}</UniqueIdentifier>
    </Filter>
    <Filter Include="Source Files\GUI">
      <UniqueIdentifier>{22fe12e2-bdf5-4580-a125-dd7fb22e1ab8}</UniqueIdentifier>
    </Filter>
    <Filter Include="Header Files\GUI">
      <UniqueIdentifier>{3453940a-3a7c-4b31-84c2-c6e5bd235ccd}</UniqueIdentifier>
    </Filter>
    <Filter Include="Header Files\Logic">
      <UniqueIdentifier>{8897b3fb-cea9-4df9-8dab-b738da72b12f}</UniqueIdentifier>
    </Filter>
    <Filter Include="Header Files\Logic\IO">
      <UniqueIdentifier>{213f0cc3-9270-4b1c-9a9b-07cce23c0c1e}</UniqueIdentifier>
    </Filter>
    <Filter Include="Header Files\Logic\FileSystem">
      <UniqueIdentifier>{995c1ab8-08ed-4eb4-b0de-bd3461ffcbb2}</UniqueIdentifier>
    </Filter>
    <Filter Include="Header Files\Logic\Language">
      <UniqueIdentifier>{f02b0430-6b80-4fe1-a448-4065f503c276}</UniqueIdentifier>
    </Filter>
    <Filter Include="Header Files\Logic\Scripts">
      <UniqueIdentifier>{7fdace64-24dd-44b2-a55c-ba8125f20042}</UniqueIdentifier>
    </Filter>
    <Filter Include="Source Files\Logic">
      <UniqueIdentifier>{9a39e521-0fad-4678-8c65-533dc9195ae9}</UniqueIdentifier>
    </Filter>
    <Filter Include="Source Files\Logic\IO">
      <UniqueIdentifier>{ab3399c2-5092-4e44-b09c-e085f1490d4f}</UniqueIdentifier>
    </Filter>
    <Filter Include="Source Files\Logic\FileSystem">
      <UniqueIdentifier>{81e0b6a1-8f75-4769-8df5-01903726ffcd}</UniqueIdentifier>
    </Filter>
    <Filter Include="Source Files\Logic\Language">
      <UniqueIdentifier>{9df3ab4d-530c-41d3-b80c-b8dc305a5ed7}</UniqueIdentifier>
    </Filter>
    <Filter Include="Source Files\Logic\Scripts">
      <UniqueIdentifier>{ae8b6995-840c-4380-bc18-a93e56038908}</UniqueIdentifier>
    </Filter>
    <Filter Include="Header Files\Logic\Scripts\Compiler">
      <UniqueIdentifier>{20923a62-b4f6-43d9-8c01-2bac0fbbd608}</UniqueIdentifier>
    </Filter>
    <Filter Include="Source Files\Logic\Scripts\Compiler">
      <UniqueIdentifier>{a1dd8a1f-5a45-4196-97f2-8470382b0056}</UniqueIdentifier>
    </Filter>
    <Filter Include="Header Files\Logic\Types">
      <UniqueIdentifier>{c26d04ad-0413-46d8-ab22-a5e4b9f66297}</UniqueIdentifier>
    </Filter>
    <Filter Include="Source Files\Logic\Types">
      <UniqueIdentifier>{00f4b317-8be4-489a-93a8-cb5abc1fa3b6}</UniqueIdentifier>
    </Filter>
    <Filter Include="Source Files\GUI\Controls">
      <UniqueIdentifier>{af9cdcef-7f32-4bb6-adcc-f2b84c4c6502}</UniqueIdentifier>
    </Filter>
    <Filter Include="Header Files\GUI\Controls">
      <UniqueIdentifier>{6f3f9ea7-cdcd-42fc-a25c-167d62390c5b}</UniqueIdentifier>
    </Filter>
    <Filter Include="Source Files\Logic\Threads">
      <UniqueIdentifier>{b5a7447d-e844-4458-a95c-a5b13cdef070}</UniqueIdentifier>
    </Filter>
    <Filter Include="Header Files\Logic\Threads">
      <UniqueIdentifier>{ab35f208-f803-46bf-ae84-864fc302be24}</UniqueIdentifier>
    </Filter>
    <Filter Include="Source Files\GUI\Views">
      <UniqueIdentifier>{412f0bcd-51c8-4d67-88aa-3f994a98ed79}</UniqueIdentifier>
    </Filter>
    <Filter Include="Header Files\GUI\Views">
      <UniqueIdentifier>{2ee8dfd1-9ee4-4227-8edd-109fce1ffcbc}</UniqueIdentifier>
    </Filter>
    <Filter Include="Header Files\GUI\Windows">
      <UniqueIdentifier>{f42b7282-ec62-452b-acbb-58e47b8528c6}</UniqueIdentifier>
    </Filter>
    <Filter Include="Source Files\GUI\Windows">
      <UniqueIdentifier>{0c13970a-dc54-42fa-b4f9-337c707431e1}</UniqueIdentifier>
    </Filter>
    <Filter Include="Source Files\GUI\Documents">
      <UniqueIdentifier>{0993de96-55ce-488a-88b4-0bff6cf1e80f}</UniqueIdentifier>
    </Filter>
    <Filter Include="Header Files\GUI\Documents">
      <UniqueIdentifier>{6627568b-9ef3-4ca3-9b3a-417ad6e3785f}</UniqueIdentifier>
    </Filter>
    <Filter Include="Source Files\Testing">
      <UniqueIdentifier>{d5733860-e872-4e1e-93b6-6a3a3ee998cf}</UniqueIdentifier>
    </Filter>
    <Filter Include="Header Files\Testing">
      <UniqueIdentifier>{1eb985a9-6293-421c-892e-8c09ed1a7041}</UniqueIdentifier>
    </Filter>
  </ItemGroup>
  <ItemGroup>
    <Text Include="Command Syntax.txt" />
  </ItemGroup>
  <ItemGroup>
    <ClInclude Include="stdafx.h">
      <Filter>Header Files</Filter>
    </ClInclude>
    <ClInclude Include="Logic\Common.h">
      <Filter>Header Files\Logic</Filter>
    </ClInclude>
    <ClInclude Include="Logic\Exceptions.h">
      <Filter>Header Files\Logic</Filter>
    </ClInclude>
    <ClInclude Include="Logic\Macros.h">
      <Filter>Header Files\Logic</Filter>
    </ClInclude>
    <ClInclude Include="Logic\LanguageFile.h">
      <Filter>Header Files\Logic\Language</Filter>
    </ClInclude>
    <ClInclude Include="Logic\LanguagePage.h">
      <Filter>Header Files\Logic\Language</Filter>
    </ClInclude>
    <ClInclude Include="Logic\CommandSyntax.h">
      <Filter>Header Files\Logic\Scripts</Filter>
    </ClInclude>
    <ClInclude Include="Logic\ParameterSyntax.h">
      <Filter>Header Files\Logic\Scripts</Filter>
    </ClInclude>
    <ClInclude Include="Logic\SyntaxFile.h">
      <Filter>Header Files\Logic\Scripts</Filter>
    </ClInclude>
    <ClInclude Include="Logic\XCatalog.h">
      <Filter>Header Files\Logic\FileSystem</Filter>
    </ClInclude>
    <ClInclude Include="Logic\XFileInfo.h">
      <Filter>Header Files\Logic\FileSystem</Filter>
    </ClInclude>
    <ClInclude Include="Logic\XFileSystem.h">
      <Filter>Header Files\Logic\FileSystem</Filter>
    </ClInclude>
    <ClInclude Include="Logic\FileStream.h">
      <Filter>Header Files\Logic\IO</Filter>
    </ClInclude>
    <ClInclude Include="Logic\GZipStream.h">
      <Filter>Header Files\Logic\IO</Filter>
    </ClInclude>
    <ClInclude Include="Logic\MemoryStream.h">
      <Filter>Header Files\Logic\IO</Filter>
    </ClInclude>
    <ClInclude Include="Logic\msxml.h">
      <Filter>Header Files\Logic\IO</Filter>
    </ClInclude>
    <ClInclude Include="Logic\Stream.h">
      <Filter>Header Files\Logic\IO</Filter>
    </ClInclude>
    <ClInclude Include="Logic\StringReader.h">
      <Filter>Header Files\Logic\IO</Filter>
    </ClInclude>
    <ClInclude Include="Logic\XmlReader.h">
      <Filter>Header Files\Logic\IO</Filter>
    </ClInclude>
    <ClInclude Include="Logic\zconf.h">
      <Filter>Header Files\Logic\IO</Filter>
    </ClInclude>
    <ClInclude Include="Logic\zlib.h">
      <Filter>Header Files\Logic\IO</Filter>
    </ClInclude>
    <ClInclude Include="Logic\CatalogReader.h">
      <Filter>Header Files\Logic\IO</Filter>
    </ClInclude>
    <ClInclude Include="Logic\CatalogStream.h">
      <Filter>Header Files\Logic\IO</Filter>
    </ClInclude>
    <ClInclude Include="Logic\DataStream.h">
      <Filter>Header Files\Logic\IO</Filter>
    </ClInclude>
    <ClInclude Include="Logic\LanguageFileReader.h">
      <Filter>Header Files\Logic\IO</Filter>
    </ClInclude>
    <ClInclude Include="Logic\LegacySyntaxReader.h">
      <Filter>Header Files\Logic\IO</Filter>
    </ClInclude>
    <ClInclude Include="Logic\ScriptFile.h">
      <Filter>Header Files\Logic\Scripts</Filter>
    </ClInclude>
    <ClInclude Include="Logic\ScriptParameter.h">
      <Filter>Header Files\Logic\Scripts</Filter>
    </ClInclude>
    <ClInclude Include="Logic\SyntaxLibrary.h">
      <Filter>Header Files\Logic\Scripts</Filter>
    </ClInclude>
    <ClInclude Include="Logic\ScriptCommand.h">
      <Filter>Header Files\Logic\Scripts</Filter>
    </ClInclude>
    <ClInclude Include="Logic\DebugTests.h">
      <Filter>Header Files\Logic</Filter>
    </ClInclude>
    <ClInclude Include="Logic\StringLibrary.h">
      <Filter>Header Files\Logic\Language</Filter>
    </ClInclude>
    <ClInclude Include="Logic\ReturnValue.h">
      <Filter>Header Files\Logic\Scripts</Filter>
    </ClInclude>
    <ClInclude Include="Logic\RtfWriter.h">
      <Filter>Header Files\Logic\IO</Filter>
    </ClInclude>
    <ClInclude Include="Logic\XmlWriter.h">
      <Filter>Header Files\Logic\IO</Filter>
    </ClInclude>
    <ClInclude Include="Logic\ScriptFileReader.h">
      <Filter>Header Files\Logic\IO</Filter>
    </ClInclude>
    <ClInclude Include="Logic\SyntaxWriter.h">
      <Filter>Header Files\Logic\IO</Filter>
    </ClInclude>
    <ClInclude Include="Logic\ScriptToken.h">
      <Filter>Header Files\Logic\Scripts\Compiler</Filter>
    </ClInclude>
    <ClInclude Include="Logic\CommandHash.h">
      <Filter>Header Files\Logic\Scripts\Compiler</Filter>
    </ClInclude>
    <ClInclude Include="Logic\ScriptParser.h">
      <Filter>Header Files\Logic\Scripts\Compiler</Filter>
    </ClInclude>
    <ClInclude Include="Logic\CommandLexer.h">
      <Filter>Header Files\Logic\Scripts\Compiler</Filter>
    </ClInclude>
    <ClInclude Include="Logic\ExpressionParser.h">
      <Filter>Header Files\Logic\Scripts\Compiler</Filter>
    </ClInclude>
    <ClInclude Include="Logic\ConsoleWnd.h">
      <Filter>Header Files\Logic</Filter>
    </ClInclude>
    <ClInclude Include="Logic\StringResource.h">
      <Filter>Header Files\Logic</Filter>
    </ClInclude>
    <ClInclude Include="Logic\FileSearch.h">
      <Filter>Header Files\Logic\IO</Filter>
    </ClInclude>
    <ClInclude Include="Logic\Path.h">
      <Filter>Header Files\Logic\IO</Filter>
    </ClInclude>
    <ClInclude Include="targetver.h">
      <Filter>Header Files</Filter>
    </ClInclude>
    <ClInclude Include="Logic\TObject.h">
      <Filter>Header Files\Logic\Types</Filter>
    </ClInclude>
    <ClInclude Include="Logic\TFile.hpp">
      <Filter>Header Files\Logic\Types</Filter>
    </ClInclude>
    <ClInclude Include="Logic\TFileReader.hpp">
      <Filter>Header Files\Logic\IO</Filter>
    </ClInclude>
    <ClInclude Include="Logic\TWare.h">
      <Filter>Header Files\Logic\Types</Filter>
    </ClInclude>
    <ClInclude Include="Logic\TLaser.h">
      <Filter>Header Files\Logic\Types</Filter>
    </ClInclude>
    <ClInclude Include="Logic\TDock.h">
      <Filter>Header Files\Logic\Types</Filter>
    </ClInclude>
    <ClInclude Include="Logic\TFactory.h">
      <Filter>Header Files\Logic\Types</Filter>
    </ClInclude>
    <ClInclude Include="Logic\TShield.h">
      <Filter>Header Files\Logic\Types</Filter>
    </ClInclude>
    <ClInclude Include="Logic\LookupString.h">
      <Filter>Header Files\Logic\Language</Filter>
    </ClInclude>
    <ClInclude Include="FileTreeCtrl.h">
      <Filter>Header Files\GUI\Controls</Filter>
    </ClInclude>
    <ClInclude Include="Logic\BackgroundWorker.h">
      <Filter>Header Files\Logic\Threads</Filter>
    </ClInclude>
    <ClInclude Include="Logic\GameDataWorker.h">
      <Filter>Header Files\Logic\Threads</Filter>
    </ClInclude>
    <ClInclude Include="Logic\WorkerFeedback.h">
      <Filter>Header Files\Logic\Threads</Filter>
    </ClInclude>
    <ClInclude Include="Application.h">
      <Filter>Header Files\GUI</Filter>
    </ClInclude>
    <ClInclude Include="Logic\Event.h">
      <Filter>Header Files\Logic</Filter>
    </ClInclude>
    <ClInclude Include="resources.h">
      <Filter>Header Files\GUI</Filter>
    </ClInclude>
    <ClInclude Include="AutoRes.h">
      <Filter>Header Files\GUI</Filter>
    </ClInclude>
    <ClInclude Include="ScriptView.h">
      <Filter>Header Files\GUI\Views</Filter>
    </ClInclude>
    <ClInclude Include="LanguageEditView.h">
      <Filter>Header Files\GUI\Views</Filter>
    </ClInclude>
    <ClInclude Include="LanguageFrame.h">
      <Filter>Header Files\GUI\Views</Filter>
    </ClInclude>
    <ClInclude Include="LanguagePageView.h">
      <Filter>Header Files\GUI\Views</Filter>
    </ClInclude>
    <ClInclude Include="LanguageStringView.h">
      <Filter>Header Files\GUI\Views</Filter>
    </ClInclude>
    <ClInclude Include="Logic\FileIdentifier.h">
      <Filter>Header Files\Logic\FileSystem</Filter>
    </ClInclude>
    <ClInclude Include="ScriptEdit.h">
      <Filter>Header Files\GUI\Controls</Filter>
    </ClInclude>
    <ClInclude Include="Logic\ScriptObjectLibrary.h">
      <Filter>Header Files\Logic\Scripts</Filter>
    </ClInclude>
    <ClInclude Include="SuggestionList.h">
      <Filter>Header Files\GUI\Controls</Filter>
    </ClInclude>
    <ClInclude Include="ImageListEx.h">
      <Filter>Header Files\GUI</Filter>
    </ClInclude>
    <ClInclude Include="Logic\GameObjectLibrary.h">
      <Filter>Header Files\Logic\Types</Filter>
    </ClInclude>
    <ClInclude Include="Logic\RaceLookup.h">
      <Filter>Header Files\Logic\Types</Filter>
    </ClInclude>
    <ClInclude Include="Helpers.h">
      <Filter>Header Files\GUI\Controls</Filter>
    </ClInclude>
    <ClInclude Include="Logic\ScriptObject.h">
      <Filter>Header Files\Logic\Scripts</Filter>
    </ClInclude>
    <ClInclude Include="Logic\MapIterator.hpp">
      <Filter>Header Files\Logic</Filter>
    </ClInclude>
    <ClInclude Include="Logic\GameObject.h">
      <Filter>Header Files\Logic\Types</Filter>
    </ClInclude>
    <ClInclude Include="Logic\ParameterTypes.h">
      <Filter>Header Files\Logic\Scripts</Filter>
    </ClInclude>
    <ClInclude Include="Logic\RtfScriptTextWriter.h">
      <Filter>Header Files\Logic\IO</Filter>
    </ClInclude>
    <ClInclude Include="Logic\TMissile.h">
      <Filter>Header Files\Logic\Types</Filter>
    </ClInclude>
    <ClInclude Include="Logic\TShip.h">
      <Filter>Header Files\Logic\Types</Filter>
    </ClInclude>
    <ClInclude Include="Utils.h">
      <Filter>Header Files\GUI</Filter>
    </ClInclude>
    <ClInclude Include="AboutDlg.h">
      <Filter>Header Files\GUI\Windows</Filter>
    </ClInclude>
    <ClInclude Include="CommandWnd.h">
      <Filter>Header Files\GUI\Windows</Filter>
    </ClInclude>
    <ClInclude Include="GameDataWnd.h">
      <Filter>Header Files\GUI\Windows</Filter>
    </ClInclude>
    <ClInclude Include="GameObjectWnd.h">
      <Filter>Header Files\GUI\Windows</Filter>
    </ClInclude>
    <ClInclude Include="MainWnd.h">
      <Filter>Header Files\GUI\Windows</Filter>
    </ClInclude>
    <ClInclude Include="OutputWnd.h">
      <Filter>Header Files\GUI\Windows</Filter>
    </ClInclude>
    <ClInclude Include="ProjectWnd.h">
      <Filter>Header Files\GUI\Windows</Filter>
    </ClInclude>
    <ClInclude Include="PropertiesWnd.h">
      <Filter>Header Files\GUI\Windows</Filter>
    </ClInclude>
    <ClInclude Include="ScriptObjectWnd.h">
      <Filter>Header Files\GUI\Windows</Filter>
    </ClInclude>
    <ClInclude Include="ScriptDocument.h">
      <Filter>Header Files\GUI\Documents</Filter>
    </ClInclude>
    <ClInclude Include="LanguageDocument.h">
      <Filter>Header Files\GUI\Documents</Filter>
    </ClInclude>
    <ClInclude Include="Logic\CommandNode.h">
      <Filter>Header Files\Logic\Scripts\Compiler</Filter>
    </ClInclude>
    <ClInclude Include="Logic\ScriptFileWriter.h">
      <Filter>Header Files\Logic\IO</Filter>
    </ClInclude>
    <ClInclude Include="Testing\ScriptValidator.h">
      <Filter>Header Files\Testing</Filter>
    </ClInclude>
    <ClInclude Include="Logic\IndentationStack.h">
      <Filter>Header Files\Logic\Scripts</Filter>
    </ClInclude>
    <ClInclude Include="Logic\EncryptedStream.h">
      <Filter>Header Files\Logic\IO</Filter>
    </ClInclude>
    <ClInclude Include="Logic\StringResolver.h">
      <Filter>Header Files\Logic\Language</Filter>
    </ClInclude>
    <ClInclude Include="Logic\StringParser.h">
      <Filter>Header Files\Logic\Language</Filter>
    </ClInclude>
  </ItemGroup>
  <ItemGroup>
    <ClCompile Include="Logic\StringResource.cpp">
      <Filter>Source Files\Logic</Filter>
    </ClCompile>
    <ClCompile Include="Logic\XCatalog.cpp">
      <Filter>Source Files\Logic\FileSystem</Filter>
    </ClCompile>
    <ClCompile Include="Logic\XFileInfo.cpp">
      <Filter>Source Files\Logic\FileSystem</Filter>
    </ClCompile>
    <ClCompile Include="Logic\XFileSystem.cpp">
      <Filter>Source Files\Logic\FileSystem</Filter>
    </ClCompile>
    <ClCompile Include="Logic\CommandSyntax.cpp">
      <Filter>Source Files\Logic\Scripts</Filter>
    </ClCompile>
    <ClCompile Include="Logic\ParameterSyntax.cpp">
      <Filter>Source Files\Logic\Scripts</Filter>
    </ClCompile>
    <ClCompile Include="Logic\SyntaxFile.cpp">
      <Filter>Source Files\Logic\Scripts</Filter>
    </ClCompile>
    <ClCompile Include="Logic\LanguageFile.cpp">
      <Filter>Source Files\Logic\Language</Filter>
    </ClCompile>
    <ClCompile Include="Logic\LanguagePage.cpp">
      <Filter>Source Files\Logic\Language</Filter>
    </ClCompile>
    <ClCompile Include="Logic\FileStream.cpp">
      <Filter>Source Files\Logic\IO</Filter>
    </ClCompile>
    <ClCompile Include="Logic\GZipStream.cpp">
      <Filter>Source Files\Logic\IO</Filter>
    </ClCompile>
    <ClCompile Include="Logic\MemoryStream.cpp">
      <Filter>Source Files\Logic\IO</Filter>
    </ClCompile>
    <ClCompile Include="Logic\StringReader.cpp">
      <Filter>Source Files\Logic\IO</Filter>
    </ClCompile>
    <ClCompile Include="Logic\XmlReader.cpp">
      <Filter>Source Files\Logic\IO</Filter>
    </ClCompile>
    <ClCompile Include="Logic\CatalogReader.cpp">
      <Filter>Source Files\Logic\IO</Filter>
    </ClCompile>
    <ClCompile Include="Logic\CatalogStream.cpp">
      <Filter>Source Files\Logic\IO</Filter>
    </ClCompile>
    <ClCompile Include="Logic\DataStream.cpp">
      <Filter>Source Files\Logic\IO</Filter>
    </ClCompile>
    <ClCompile Include="Logic\LanguageFileReader.cpp">
      <Filter>Source Files\Logic\IO</Filter>
    </ClCompile>
    <ClCompile Include="Logic\LegacySyntaxReader.cpp">
      <Filter>Source Files\Logic\IO</Filter>
    </ClCompile>
    <ClCompile Include="Logic\ScriptFile.cpp">
      <Filter>Source Files\Logic\Scripts</Filter>
    </ClCompile>
    <ClCompile Include="Logic\SyntaxLibrary.cpp">
      <Filter>Source Files\Logic\Scripts</Filter>
    </ClCompile>
    <ClCompile Include="Logic\ScriptParameter.cpp">
      <Filter>Source Files\Logic\Scripts</Filter>
    </ClCompile>
    <ClCompile Include="Logic\ScriptCommand.cpp">
      <Filter>Source Files\Logic\Scripts</Filter>
    </ClCompile>
    <ClCompile Include="Logic\ScriptCommandReader.cpp">
      <Filter>Source Files\Logic\IO</Filter>
    </ClCompile>
    <ClCompile Include="Logic\DebugTests.cpp">
      <Filter>Source Files\Logic</Filter>
    </ClCompile>
    <ClCompile Include="Logic\StringLibrary.cpp">
      <Filter>Source Files\Logic\Language</Filter>
    </ClCompile>
    <ClCompile Include="Logic\RtfWriter.cpp">
      <Filter>Source Files\Logic\IO</Filter>
    </ClCompile>
    <ClCompile Include="Logic\ReturnValue.cpp">
      <Filter>Source Files\Logic\Scripts</Filter>
    </ClCompile>
    <ClCompile Include="Logic\XmlWriter.cpp">
      <Filter>Source Files\Logic\IO</Filter>
    </ClCompile>
    <ClCompile Include="Logic\SyntaxWriter.cpp">
      <Filter>Source Files\Logic\IO</Filter>
    </ClCompile>
    <ClCompile Include="Logic\ScriptFileReader.cpp">
      <Filter>Source Files\Logic\IO</Filter>
    </ClCompile>
    <ClCompile Include="Logic\ScriptToken.cpp">
      <Filter>Source Files\Logic\Scripts\Compiler</Filter>
    </ClCompile>
    <ClCompile Include="Logic\ScriptParser.cpp">
      <Filter>Source Files\Logic\Scripts\Compiler</Filter>
    </ClCompile>
    <ClCompile Include="Logic\CommandLexer.cpp">
      <Filter>Source Files\Logic\Scripts\Compiler</Filter>
    </ClCompile>
    <ClCompile Include="Logic\ExpressionParser.cpp">
      <Filter>Source Files\Logic\Scripts\Compiler</Filter>
    </ClCompile>
    <ClCompile Include="Logic\ConsoleWnd.cpp">
      <Filter>Source Files\Logic</Filter>
    </ClCompile>
    <ClCompile Include="Logic\Path.cpp">
      <Filter>Source Files\Logic\IO</Filter>
    </ClCompile>
    <ClCompile Include="Logic\FileSearch.cpp">
      <Filter>Source Files\Logic\IO</Filter>
    </ClCompile>
    <ClCompile Include="Logic\TObject.cpp">
      <Filter>Source Files\Logic\Types</Filter>
    </ClCompile>
    <ClCompile Include="Logic\LookupString.cpp">
      <Filter>Source Files\Logic\Language</Filter>
    </ClCompile>
    <ClCompile Include="FileTreeCtrl.cpp">
      <Filter>Source Files\GUI\Controls</Filter>
    </ClCompile>
    <ClCompile Include="Logic\SyntaxNode.cpp">
      <Filter>Source Files\Logic\Scripts</Filter>
    </ClCompile>
    <ClCompile Include="Logic\GameDataWorker.cpp">
      <Filter>Source Files\Logic\Threads</Filter>
    </ClCompile>
    <ClCompile Include="Application.cpp">
      <Filter>Source Files\GUI</Filter>
    </ClCompile>
    <ClCompile Include="Logic\Event.cpp">
      <Filter>Source Files\Logic</Filter>
    </ClCompile>
    <ClCompile Include="stdafx.cpp">
      <Filter>Source Files</Filter>
    </ClCompile>
    <ClCompile Include="ScriptView.cpp">
      <Filter>Source Files\GUI\Views</Filter>
    </ClCompile>
    <ClCompile Include="LanguageEditView.cpp">
      <Filter>Source Files\GUI\Views</Filter>
    </ClCompile>
    <ClCompile Include="LanguageFrame.cpp">
      <Filter>Source Files\GUI\Views</Filter>
    </ClCompile>
    <ClCompile Include="LanguagePageView.cpp">
      <Filter>Source Files\GUI\Views</Filter>
    </ClCompile>
    <ClCompile Include="LanguageStringView.cpp">
      <Filter>Source Files\GUI\Views</Filter>
    </ClCompile>
    <ClCompile Include="Logic\FileIdentifier.cpp">
      <Filter>Source Files\Logic\FileSystem</Filter>
    </ClCompile>
    <ClCompile Include="ScriptEdit.cpp">
      <Filter>Source Files\GUI\Controls</Filter>
    </ClCompile>
    <ClCompile Include="Logic\ScriptObjectLibrary.cpp">
      <Filter>Source Files\Logic\Scripts</Filter>
    </ClCompile>
    <ClCompile Include="SuggestionList.cpp">
      <Filter>Source Files\GUI\Controls</Filter>
    </ClCompile>
    <ClCompile Include="ImageListEx.cpp">
      <Filter>Source Files\GUI</Filter>
    </ClCompile>
    <ClCompile Include="Logic\GameObjectLibrary.cpp">
      <Filter>Source Files\Logic\Types</Filter>
    </ClCompile>
    <ClCompile Include="Logic\ScriptObject.cpp">
      <Filter>Source Files\Logic\Scripts</Filter>
    </ClCompile>
    <ClCompile Include="Logic\LanguageString.cpp">
      <Filter>Source Files\Logic\Language</Filter>
    </ClCompile>
    <ClCompile Include="Logic\GameObject.cpp">
      <Filter>Source Files\Logic\Types</Filter>
    </ClCompile>
    <ClCompile Include="Logic\CommandNode.cpp">
      <Filter>Source Files\Logic\Scripts\Compiler</Filter>
    </ClCompile>
    <ClCompile Include="Logic\RtfScriptTextWriter.cpp">
      <Filter>Source Files\Logic\IO</Filter>
    </ClCompile>
    <ClCompile Include="Logic\TShipReader.cpp">
      <Filter>Source Files\Logic\Types</Filter>
    </ClCompile>
    <ClCompile Include="AboutDlg.cpp">
      <Filter>Source Files\GUI\Windows</Filter>
    </ClCompile>
    <ClCompile Include="CommandWnd.cpp">
      <Filter>Source Files\GUI\Windows</Filter>
    </ClCompile>
    <ClCompile Include="GameDataWnd.cpp">
      <Filter>Source Files\GUI\Windows</Filter>
    </ClCompile>
    <ClCompile Include="GameObjectWnd.cpp">
      <Filter>Source Files\GUI\Windows</Filter>
    </ClCompile>
    <ClCompile Include="MainWnd.cpp">
      <Filter>Source Files\GUI\Windows</Filter>
    </ClCompile>
    <ClCompile Include="OutputWnd.cpp">
      <Filter>Source Files\GUI\Windows</Filter>
    </ClCompile>
    <ClCompile Include="ProjectWnd.cpp">
      <Filter>Source Files\GUI\Windows</Filter>
    </ClCompile>
    <ClCompile Include="PropertiesWnd.cpp">
      <Filter>Source Files\GUI\Windows</Filter>
    </ClCompile>
    <ClCompile Include="ScriptObjectWnd.cpp">
      <Filter>Source Files\GUI\Windows</Filter>
    </ClCompile>
    <ClCompile Include="LanguageDocument.cpp">
      <Filter>Source Files\GUI\Documents</Filter>
    </ClCompile>
    <ClCompile Include="ScriptDocument.cpp">
      <Filter>Source Files\GUI\Documents</Filter>
    </ClCompile>
    <ClCompile Include="Logic\ScriptFileWriter.cpp">
      <Filter>Source Files\Logic\IO</Filter>
    </ClCompile>
    <ClCompile Include="Logic\SourceValueReader.cpp">
      <Filter>Source Files\Logic\IO</Filter>
    </ClCompile>
    <ClCompile Include="Testing\ScriptValidator.cpp">
      <Filter>Source Files\Testing</Filter>
    </ClCompile>
    <ClCompile Include="Testing\ScriptTextValidator.cpp">
      <Filter>Source Files\Testing</Filter>
    </ClCompile>
    <ClCompile Include="Testing\ScriptCodeValidator.cpp">
      <Filter>Source Files\Testing</Filter>
    </ClCompile>
    <ClCompile Include="Logic\EncryptedStream.cpp">
      <Filter>Source Files\Logic\IO</Filter>
    </ClCompile>
    <ClCompile Include="Logic\StringResolver.cpp">
      <Filter>Source Files\Logic\Language</Filter>
    </ClCompile>
    <ClCompile Include="Logic\StringParser.cpp">
      <Filter>Source Files\Logic\Language</Filter>
    </ClCompile>
  </ItemGroup>
  <ItemGroup>
    <Image Include="UserImages.bmp">
      <Filter>Resource Files\Files</Filter>
    </Image>
    <Image Include="res\Icon - LanguageView.ico">
      <Filter>Resource Files\Files</Filter>
    </Image>
    <Image Include="res\Icon - MainWnd.ico">
      <Filter>Resource Files\Files</Filter>
    </Image>
    <Image Include="res\Icon - OutputWnd.ico">
      <Filter>Resource Files\Files</Filter>
    </Image>
    <Image Include="res\Icon - ProjectWnd.ico">
      <Filter>Resource Files\Files</Filter>
    </Image>
    <Image Include="res\Icon - PropertiesWnd.ico">
      <Filter>Resource Files\Files</Filter>
    </Image>
    <Image Include="res\Icon - ScriptView.ico">
      <Filter>Resource Files\Files</Filter>
    </Image>
    <Image Include="res\ImageList - ProjectWnd.bmp">
      <Filter>Resource Files\Files</Filter>
    </Image>
    <Image Include="res\menuimages.bmp">
      <Filter>Resource Files\Files</Filter>
    </Image>
    <Image Include="res\Toolbar - MainWnd.bmp">
      <Filter>Resource Files\Files</Filter>
    </Image>
    <Image Include="res\Toolbar - ProjectWnd.bmp">
      <Filter>Resource Files\Files</Filter>
    </Image>
    <Image Include="res\Toolbar - PropertiesWnd.bmp">
      <Filter>Resource Files\Files</Filter>
    </Image>
  </ItemGroup>
  <ItemGroup>
    <None Include="cpp.hint" />
    <None Include="res\CustomRes.rc2">
      <Filter>Resource Files</Filter>
    </None>
  </ItemGroup>
  <ItemGroup>
    <Xml Include="plugin.piracy.enslavepassengers.xml" />
    <Xml Include="Command Syntax.xml" />
    <Xml Include="plugin.piracy.lib.logic.xml" />
    <Xml Include="plugin.piracy.lib.ui.xml" />
    <Xml Include="plugin.piracy.astronaut.cmd.repair.xml" />
    <Xml Include="output.xml" />
  </ItemGroup>
  <ItemGroup>
    <ResourceCompile Include="AutoRes.rc">
      <Filter>Resource Files</Filter>
    </ResourceCompile>
  </ItemGroup>
</Project>