<?xml version="1.0" encoding="utf-8"?>
<Project ToolsVersion="4.0" xmlns="http://schemas.microsoft.com/developer/msbuild/2003">
  <ItemGroup>
    <Filter Include="Source Files">
      <UniqueIdentifier>{4FC737F1-C7A5-4376-A066-2A32D752A2FF}</UniqueIdentifier>
      <Extensions>cpp;c;cc;cxx;def;odl;idl;hpj;bat;asm;asmx</Extensions>
    </Filter>
    <Filter Include="Header Files">
      <UniqueIdentifier>{93995380-89BD-4b04-88EB-625FBE52EBFB}</UniqueIdentifier>
      <Extensions>h;hh;hpp;hxx;hm;inl;inc;xsd</Extensions>
    </Filter>
    <Filter Include="Resource Files">
      <UniqueIdentifier>{67DA6AB6-F800-4c08-8B7A-83BB121AAD01}</UniqueIdentifier>
      <Extensions>rc;ico;cur;bmp;dlg;rc2;rct;bin;rgs;gif;jpg;jpeg;jpe;resx;tiff;tif;png;wav;mfcribbon-ms</Extensions>
    </Filter>
    <Filter Include="Header Files\FileSystem">
      <UniqueIdentifier>{259a4856-1526-42aa-9010-1946a1c61c96}</UniqueIdentifier>
    </Filter>
    <Filter Include="Header Files\IO">
      <UniqueIdentifier>{e7ba3fa5-ffa2-4061-965d-5059cd917c60}</UniqueIdentifier>
    </Filter>
    <Filter Include="Header Files\Language">
      <UniqueIdentifier>{74d35a6e-4ddb-4818-b3c6-764a25b6b2c9}</UniqueIdentifier>
    </Filter>
    <Filter Include="Header Files\Projects">
      <UniqueIdentifier>{325db24d-4a77-4158-942f-8756a8adcf4c}</UniqueIdentifier>
    </Filter>
    <Filter Include="Header Files\Scripts">
      <UniqueIdentifier>{24144686-e44c-4e7a-a6f1-8059cf51e7e0}</UniqueIdentifier>
    </Filter>
    <Filter Include="Header Files\Scripts\Compiler">
      <UniqueIdentifier>{ec473ffb-92eb-4854-a39e-ee798e732df4}</UniqueIdentifier>
    </Filter>
    <Filter Include="Header Files\Threads">
      <UniqueIdentifier>{cb575507-da51-475d-a1a6-b76862e3ab05}</UniqueIdentifier>
    </Filter>
    <Filter Include="Header Files\Types">
      <UniqueIdentifier>{8d5140e5-2e19-4e7e-9d35-74ffc92727d4}</UniqueIdentifier>
    </Filter>
    <Filter Include="Source Files\FileSystem">
      <UniqueIdentifier>{d4cde8c0-1231-4679-b32a-f6400fad3973}</UniqueIdentifier>
    </Filter>
    <Filter Include="Source Files\IO">
      <UniqueIdentifier>{8454cc91-4db7-4ffa-9537-749dc83b410b}</UniqueIdentifier>
    </Filter>
    <Filter Include="Source Files\Language">
      <UniqueIdentifier>{e9ccaa49-762b-4eff-8d30-b5555fbdbb6f}</UniqueIdentifier>
    </Filter>
    <Filter Include="Source Files\Projects">
      <UniqueIdentifier>{2d8421c0-a480-48aa-a74c-4677319a2532}</UniqueIdentifier>
    </Filter>
    <Filter Include="Source Files\Scripts">
      <UniqueIdentifier>{3faf3bbf-ca38-4819-9fbd-38bd95e96cce}</UniqueIdentifier>
    </Filter>
    <Filter Include="Source Files\Scripts\Compiler">
      <UniqueIdentifier>{a76e1512-6115-4bcc-b1bc-fc95ff9b49e9}</UniqueIdentifier>
    </Filter>
    <Filter Include="Source Files\Threads">
      <UniqueIdentifier>{ac9540b7-5b7e-495c-864c-63f27a359ac1}</UniqueIdentifier>
    </Filter>
    <Filter Include="Source Files\Types">
      <UniqueIdentifier>{5b215439-31fe-4f9a-bca3-ed4e7bfc7577}</UniqueIdentifier>
    </Filter>
    <Filter Include="Source Files\XML">
      <UniqueIdentifier>{9d1073ad-46a3-4e82-b53c-cf2484a376ff}</UniqueIdentifier>
    </Filter>
    <Filter Include="Header Files\XML">
      <UniqueIdentifier>{fe47a7d6-fc8d-478c-859f-3d77cd380ff5}</UniqueIdentifier>
    </Filter>
    <Filter Include="Header Files\Testing">
      <UniqueIdentifier>{87c3992a-d1ac-4701-b419-b6009b2a7ad2}</UniqueIdentifier>
    </Filter>
    <Filter Include="Source Files\Testing">
      <UniqueIdentifier>{774fbd0e-c967-45d9-9b9e-038b54840225}</UniqueIdentifier>
    </Filter>
    <Filter Include="Header Files\DTL">
      <UniqueIdentifier>{7e0327f7-7be0-441a-b017-a7e0a88d2059}</UniqueIdentifier>
    </Filter>
    <Filter Include="Header Files\Utils">
      <UniqueIdentifier>{d5d3914a-e299-4b75-8faa-81b41ef5eb57}</UniqueIdentifier>
    </Filter>
    <Filter Include="Source Files\Utils">
      <UniqueIdentifier>{10a34174-e12a-45cd-a3f8-2ee692689e1c}</UniqueIdentifier>
    </Filter>
    <Filter Include="Source Files\Scripts\Compiler\Visitors">
      <UniqueIdentifier>{1f35300c-b922-4492-84d1-60a1bebca674}</UniqueIdentifier>
    </Filter>
    <Filter Include="Header Files\Scripts\Compiler\Visitors">
      <UniqueIdentifier>{0de25e1c-6dd6-4166-8a3d-ebfafbe8801f}</UniqueIdentifier>
    </Filter>
    <Filter Include="Source Files\Scripts\Compiler\Traversals">
      <UniqueIdentifier>{125f0b16-16aa-4fe4-b672-5d4dc47b4a26}</UniqueIdentifier>
    </Filter>
    <Filter Include="Header Files\Scripts\Compiler\Traversals">
      <UniqueIdentifier>{71bd100d-9bda-4f19-a44a-56ea95e03ce0}</UniqueIdentifier>
    </Filter>
  </ItemGroup>
  <ItemGroup>
    <ClInclude Include="FileIdentifier.h">
      <Filter>Header Files\FileSystem</Filter>
    </ClInclude>
    <ClInclude Include="XCatalog.h">
      <Filter>Header Files\FileSystem</Filter>
    </ClInclude>
    <ClInclude Include="XFileInfo.h">
      <Filter>Header Files\FileSystem</Filter>
    </ClInclude>
    <ClInclude Include="XFileSystem.h">
      <Filter>Header Files\FileSystem</Filter>
    </ClInclude>
    <ClInclude Include="BackupFileReader.h">
      <Filter>Header Files\IO</Filter>
    </ClInclude>
    <ClInclude Include="BackupFileWriter.h">
      <Filter>Header Files\IO</Filter>
    </ClInclude>
    <ClInclude Include="ConsoleLog.h">
      <Filter>Header Files\IO</Filter>
    </ClInclude>
    <ClInclude Include="LanguageFileWriter.h">
      <Filter>Header Files\IO</Filter>
    </ClInclude>
    <ClInclude Include="LogFileWriter.h">
      <Filter>Header Files\IO</Filter>
    </ClInclude>
    <ClInclude Include="ProjectFileReader.h">
      <Filter>Header Files\IO</Filter>
    </ClInclude>
    <ClInclude Include="ProjectFileWriter.h">
      <Filter>Header Files\IO</Filter>
    </ClInclude>
    <ClInclude Include="StringStream.h">
      <Filter>Header Files\IO</Filter>
    </ClInclude>
    <ClInclude Include="DescriptionFileReader.h">
      <Filter>Header Files\IO</Filter>
    </ClInclude>
    <ClInclude Include="LegacyProjectFileReader.h">
      <Filter>Header Files\IO</Filter>
    </ClInclude>
    <ClInclude Include="ScriptFileWriter.h">
      <Filter>Header Files\IO</Filter>
    </ClInclude>
    <ClInclude Include="CatalogReader.h">
      <Filter>Header Files\IO</Filter>
    </ClInclude>
    <ClInclude Include="CatalogStream.h">
      <Filter>Header Files\IO</Filter>
    </ClInclude>
    <ClInclude Include="DataStream.h">
      <Filter>Header Files\IO</Filter>
    </ClInclude>
    <ClInclude Include="FileSearch.h">
      <Filter>Header Files\IO</Filter>
    </ClInclude>
    <ClInclude Include="FileStream.h">
      <Filter>Header Files\IO</Filter>
    </ClInclude>
    <ClInclude Include="GZipStream.h">
      <Filter>Header Files\IO</Filter>
    </ClInclude>
    <ClInclude Include="LanguageFileReader.h">
      <Filter>Header Files\IO</Filter>
    </ClInclude>
    <ClInclude Include="LegacySyntaxFileReader.h">
      <Filter>Header Files\IO</Filter>
    </ClInclude>
    <ClInclude Include="MemoryStream.h">
      <Filter>Header Files\IO</Filter>
    </ClInclude>
    <ClInclude Include="RtfWriter.h">
      <Filter>Header Files\IO</Filter>
    </ClInclude>
    <ClInclude Include="ScriptFileReader.h">
      <Filter>Header Files\IO</Filter>
    </ClInclude>
    <ClInclude Include="RtfScriptWriter.h">
      <Filter>Header Files\IO</Filter>
    </ClInclude>
    <ClInclude Include="Stream.h">
      <Filter>Header Files\IO</Filter>
    </ClInclude>
    <ClInclude Include="StringReader.h">
      <Filter>Header Files\IO</Filter>
    </ClInclude>
    <ClInclude Include="TFileReader.hpp">
      <Filter>Header Files\IO</Filter>
    </ClInclude>
    <ClInclude Include="XmlReader.h">
      <Filter>Header Files\IO</Filter>
    </ClInclude>
    <ClInclude Include="XmlWriter.h">
      <Filter>Header Files\IO</Filter>
    </ClInclude>
    <ClInclude Include="zconf.h">
      <Filter>Header Files\IO</Filter>
    </ClInclude>
    <ClInclude Include="zlib.h">
      <Filter>Header Files\IO</Filter>
    </ClInclude>
    <ClInclude Include="DescriptionFile.h">
      <Filter>Header Files\Language</Filter>
    </ClInclude>
    <ClInclude Include="DescriptionLibrary.h">
      <Filter>Header Files\Language</Filter>
    </ClInclude>
    <ClInclude Include="DescriptionParser.h">
      <Filter>Header Files\Language</Filter>
    </ClInclude>
    <ClInclude Include="Descriptions.h">
      <Filter>Header Files\Language</Filter>
    </ClInclude>
    <ClInclude Include="RichString.h">
      <Filter>Header Files\Language</Filter>
    </ClInclude>
    <ClInclude Include="RichStringParser.h">
      <Filter>Header Files\Language</Filter>
    </ClInclude>
    <ClInclude Include="StringResolver.h">
      <Filter>Header Files\Language</Filter>
    </ClInclude>
    <ClInclude Include="LanguageFile.h">
      <Filter>Header Files\Language</Filter>
    </ClInclude>
    <ClInclude Include="LanguagePage.h">
      <Filter>Header Files\Language</Filter>
    </ClInclude>
    <ClInclude Include="LookupString.h">
      <Filter>Header Files\Language</Filter>
    </ClInclude>
    <ClInclude Include="StringLibrary.h">
      <Filter>Header Files\Language</Filter>
    </ClInclude>
    <ClInclude Include="BackupFile.h">
      <Filter>Header Files\Projects</Filter>
    </ClInclude>
    <ClInclude Include="ProjectItem.h">
      <Filter>Header Files\Projects</Filter>
    </ClInclude>
    <ClInclude Include="ScriptRevision.h">
      <Filter>Header Files\Projects</Filter>
    </ClInclude>
    <ClInclude Include="ProjectFile.h">
      <Filter>Header Files\Projects</Filter>
    </ClInclude>
    <ClInclude Include="SyntaxHighlight.h">
      <Filter>Header Files\Scripts</Filter>
    </ClInclude>
    <ClInclude Include="IndentationStack.h">
      <Filter>Header Files\Scripts</Filter>
    </ClInclude>
    <ClInclude Include="ParameterTypes.h">
      <Filter>Header Files\Scripts</Filter>
    </ClInclude>
    <ClInclude Include="ScriptObject.h">
      <Filter>Header Files\Scripts</Filter>
    </ClInclude>
    <ClInclude Include="ScriptObjectLibrary.h">
      <Filter>Header Files\Scripts</Filter>
    </ClInclude>
    <ClInclude Include="CommandSyntax.h">
      <Filter>Header Files\Scripts</Filter>
    </ClInclude>
    <ClInclude Include="ParameterSyntax.h">
      <Filter>Header Files\Scripts</Filter>
    </ClInclude>
    <ClInclude Include="ReturnValue.h">
      <Filter>Header Files\Scripts</Filter>
    </ClInclude>
    <ClInclude Include="ScriptCommand.h">
      <Filter>Header Files\Scripts</Filter>
    </ClInclude>
    <ClInclude Include="ScriptFile.h">
      <Filter>Header Files\Scripts</Filter>
    </ClInclude>
    <ClInclude Include="ScriptParameter.h">
      <Filter>Header Files\Scripts</Filter>
    </ClInclude>
    <ClInclude Include="SyntaxFile.h">
      <Filter>Header Files\Scripts</Filter>
    </ClInclude>
    <ClInclude Include="SyntaxLibrary.h">
      <Filter>Header Files\Scripts</Filter>
    </ClInclude>
    <ClInclude Include="CommandHash.h">
      <Filter>Header Files\Scripts\Compiler</Filter>
    </ClInclude>
    <ClInclude Include="ExpressionParser.h">
      <Filter>Header Files\Scripts\Compiler</Filter>
    </ClInclude>
    <ClInclude Include="CommandLexer.h">
      <Filter>Header Files\Scripts\Compiler</Filter>
    </ClInclude>
    <ClInclude Include="ScriptParser.h">
      <Filter>Header Files\Scripts\Compiler</Filter>
    </ClInclude>
    <ClInclude Include="ScriptToken.h">
      <Filter>Header Files\Scripts\Compiler</Filter>
    </ClInclude>
    <ClInclude Include="BackgroundWorker.h">
      <Filter>Header Files\Threads</Filter>
    </ClInclude>
    <ClInclude Include="GameDataWorker.h">
      <Filter>Header Files\Threads</Filter>
    </ClInclude>
    <ClInclude Include="SearchWorker.h">
      <Filter>Header Files\Threads</Filter>
    </ClInclude>
    <ClInclude Include="GameObject.h">
      <Filter>Header Files\Types</Filter>
    </ClInclude>
    <ClInclude Include="GameObjectLibrary.h">
      <Filter>Header Files\Types</Filter>
    </ClInclude>
    <ClInclude Include="RaceLookup.h">
      <Filter>Header Files\Types</Filter>
    </ClInclude>
    <ClInclude Include="TMissile.h">
      <Filter>Header Files\Types</Filter>
    </ClInclude>
    <ClInclude Include="TShip.h">
      <Filter>Header Files\Types</Filter>
    </ClInclude>
    <ClInclude Include="TDock.h">
      <Filter>Header Files\Types</Filter>
    </ClInclude>
    <ClInclude Include="TFactory.h">
      <Filter>Header Files\Types</Filter>
    </ClInclude>
    <ClInclude Include="TFile.hpp">
      <Filter>Header Files\Types</Filter>
    </ClInclude>
    <ClInclude Include="TLaser.h">
      <Filter>Header Files\Types</Filter>
    </ClInclude>
    <ClInclude Include="TObject.h">
      <Filter>Header Files\Types</Filter>
    </ClInclude>
    <ClInclude Include="TShield.h">
      <Filter>Header Files\Types</Filter>
    </ClInclude>
    <ClInclude Include="TWare.h">
      <Filter>Header Files\Types</Filter>
    </ClInclude>
    <ClInclude Include="PreferencesLibrary.h">
      <Filter>Header Files</Filter>
    </ClInclude>
    <ClInclude Include="stdafx.h">
      <Filter>Header Files</Filter>
    </ClInclude>
    <ClInclude Include="AppBase.h">
      <Filter>Header Files</Filter>
    </ClInclude>
    <ClInclude Include="..\XML\xml.h">
      <Filter>Header Files\XML</Filter>
    </ClInclude>
    <ClInclude Include="..\Testing\ScriptValidator.h">
      <Filter>Header Files\Testing</Filter>
    </ClInclude>
    <ClInclude Include="..\Testing\LogicTests.h">
      <Filter>Header Files\Testing</Filter>
    </ClInclude>
    <ClInclude Include="..\DTL\Diff.hpp">
      <Filter>Header Files\DTL</Filter>
    </ClInclude>
    <ClInclude Include="..\DTL\Diff3.hpp">
      <Filter>Header Files\DTL</Filter>
    </ClInclude>
    <ClInclude Include="..\DTL\dtl.hpp">
      <Filter>Header Files\DTL</Filter>
    </ClInclude>
    <ClInclude Include="..\DTL\functors.hpp">
      <Filter>Header Files\DTL</Filter>
    </ClInclude>
    <ClInclude Include="..\DTL\Lcs.hpp">
      <Filter>Header Files\DTL</Filter>
    </ClInclude>
    <ClInclude Include="..\DTL\Sequence.hpp">
      <Filter>Header Files\DTL</Filter>
    </ClInclude>
    <ClInclude Include="..\DTL\Ses.hpp">
      <Filter>Header Files\DTL</Filter>
    </ClInclude>
    <ClInclude Include="..\DTL\variables.hpp">
      <Filter>Header Files\DTL</Filter>
    </ClInclude>
    <ClInclude Include="WorkerData.h">
      <Filter>Header Files\Threads</Filter>
    </ClInclude>
    <ClInclude Include="XZip.h">
      <Filter>Header Files\IO</Filter>
    </ClInclude>
    <ClInclude Include="ZipFile.h">
      <Filter>Header Files\IO</Filter>
    </ClInclude>
    <ClInclude Include="ImportProjectWorker.h">
      <Filter>Header Files\Threads</Filter>
    </ClInclude>
    <ClInclude Include="TemplateFileReader.h">
      <Filter>Header Files\IO</Filter>
    </ClInclude>
    <ClInclude Include="TemplateFile.h">
      <Filter>Header Files</Filter>
    </ClInclude>
    <ClInclude Include="SyntaxTree.h">
      <Filter>Header Files\Scripts</Filter>
    </ClInclude>
    <ClInclude Include="ParameterValue.h">
      <Filter>Header Files\Scripts</Filter>
    </ClInclude>
    <ClInclude Include="ParameterArray.h">
      <Filter>Header Files\Scripts</Filter>
    </ClInclude>
    <ClInclude Include="CommandList.h">
      <Filter>Header Files\Scripts</Filter>
    </ClInclude>
    <ClInclude Include="ErrorToken.h">
      <Filter>Header Files\Scripts\Compiler</Filter>
    </ClInclude>
    <ClInclude Include="Symbol.h">
      <Filter>Header Files\Scripts\Compiler</Filter>
    </ClInclude>
    <ClInclude Include="CommandNodeList.h">
      <Filter>Header Files\Scripts\Compiler</Filter>
    </ClInclude>
    <ClInclude Include="SyntaxFileWriter.h">
      <Filter>Header Files\IO</Filter>
    </ClInclude>
    <ClInclude Include="SyntaxFileReader.h">
      <Filter>Header Files\IO</Filter>
    </ClInclude>
    <ClInclude Include="EncryptedX2Stream.h">
      <Filter>Header Files\IO</Filter>
    </ClInclude>
    <ClInclude Include="EncryptedX3Stream.h">
      <Filter>Header Files\IO</Filter>
    </ClInclude>
    <ClInclude Include="ConsoleWnd.h">
      <Filter>Header Files\Utils</Filter>
    </ClInclude>
    <ClInclude Include="Event.h">
      <Filter>Header Files\Utils</Filter>
    </ClInclude>
    <ClInclude Include="MapIterator.hpp">
      <Filter>Header Files\Utils</Filter>
    </ClInclude>
    <ClInclude Include="MatchData.h">
      <Filter>Header Files\Utils</Filter>
    </ClInclude>
    <ClInclude Include="FileWatcherWorker.h">
      <Filter>Header Files\Threads</Filter>
    </ClInclude>
    <ClInclude Include="SyncEvent.h">
      <Filter>Header Files\Threads</Filter>
    </ClInclude>
    <ClInclude Include="ComThreadHelper.h">
      <Filter>Header Files\Threads</Filter>
    </ClInclude>
    <ClInclude Include="SynchronizationObject.h">
      <Filter>Header Files\Threads</Filter>
    </ClInclude>
    <ClInclude Include="Mutex.h">
      <Filter>Header Files\Threads</Filter>
    </ClInclude>
    <ClInclude Include="CriticalSection.h">
      <Filter>Header Files\Threads</Filter>
    </ClInclude>
    <ClInclude Include="TreeTraversal.h">
      <Filter>Header Files\Scripts\Compiler\Traversals</Filter>
    </ClInclude>
    <ClInclude Include="CommandNode.h">
      <Filter>Header Files\Scripts\Compiler</Filter>
    </ClInclude>
    <ClInclude Include="CommandTree.h">
      <Filter>Header Files\Scripts\Compiler</Filter>
    </ClInclude>
    <ClInclude Include="TreeVisitors.h">
      <Filter>Header Files\Scripts\Compiler\Visitors</Filter>
    </ClInclude>
  </ItemGroup>
  <ItemGroup>
    <ClCompile Include="FileIdentifier.cpp">
      <Filter>Source Files\FileSystem</Filter>
    </ClCompile>
    <ClCompile Include="XCatalog.cpp">
      <Filter>Source Files\FileSystem</Filter>
    </ClCompile>
    <ClCompile Include="XFileInfo.cpp">
      <Filter>Source Files\FileSystem</Filter>
    </ClCompile>
    <ClCompile Include="XFileSystem.cpp">
      <Filter>Source Files\FileSystem</Filter>
    </ClCompile>
    <ClCompile Include="BackupFileReader.cpp">
      <Filter>Source Files\IO</Filter>
    </ClCompile>
    <ClCompile Include="BackupFileWriter.cpp">
      <Filter>Source Files\IO</Filter>
    </ClCompile>
    <ClCompile Include="ConsoleLog.cpp">
      <Filter>Source Files\IO</Filter>
    </ClCompile>
    <ClCompile Include="LanguageFileWriter.cpp">
      <Filter>Source Files\IO</Filter>
    </ClCompile>
    <ClCompile Include="LogFileWriter.cpp">
      <Filter>Source Files\IO</Filter>
    </ClCompile>
    <ClCompile Include="ProjectFileReader.cpp">
      <Filter>Source Files\IO</Filter>
    </ClCompile>
    <ClCompile Include="ProjectFileWriter.cpp">
      <Filter>Source Files\IO</Filter>
    </ClCompile>
    <ClCompile Include="DescriptionFileReader.cpp">
      <Filter>Source Files\IO</Filter>
    </ClCompile>
    <ClCompile Include="LegacyProjectFileReader.cpp">
      <Filter>Source Files\IO</Filter>
    </ClCompile>
    <ClCompile Include="ScriptFileWriter.cpp">
      <Filter>Source Files\IO</Filter>
    </ClCompile>
    <ClCompile Include="CatalogReader.cpp">
      <Filter>Source Files\IO</Filter>
    </ClCompile>
    <ClCompile Include="CatalogStream.cpp">
      <Filter>Source Files\IO</Filter>
    </ClCompile>
    <ClCompile Include="DataStream.cpp">
      <Filter>Source Files\IO</Filter>
    </ClCompile>
    <ClCompile Include="FileSearch.cpp">
      <Filter>Source Files\IO</Filter>
    </ClCompile>
    <ClCompile Include="FileStream.cpp">
      <Filter>Source Files\IO</Filter>
    </ClCompile>
    <ClCompile Include="GZipStream.cpp">
      <Filter>Source Files\IO</Filter>
    </ClCompile>
    <ClCompile Include="LanguageFileReader.cpp">
      <Filter>Source Files\IO</Filter>
    </ClCompile>
    <ClCompile Include="LegacySyntaxFileReader.cpp">
      <Filter>Source Files\IO</Filter>
    </ClCompile>
    <ClCompile Include="MemoryStream.cpp">
      <Filter>Source Files\IO</Filter>
    </ClCompile>
    <ClCompile Include="RtfWriter.cpp">
      <Filter>Source Files\IO</Filter>
    </ClCompile>
    <ClCompile Include="ScriptCommandReader.cpp">
      <Filter>Source Files\IO</Filter>
    </ClCompile>
    <ClCompile Include="ScriptFileReader.cpp">
      <Filter>Source Files\IO</Filter>
    </ClCompile>
    <ClCompile Include="RtfScriptWriter.cpp">
      <Filter>Source Files\IO</Filter>
    </ClCompile>
    <ClCompile Include="StringReader.cpp">
      <Filter>Source Files\IO</Filter>
    </ClCompile>
    <ClCompile Include="XmlReader.cpp">
      <Filter>Source Files\IO</Filter>
    </ClCompile>
    <ClCompile Include="XmlWriter.cpp">
      <Filter>Source Files\IO</Filter>
    </ClCompile>
    <ClCompile Include="DescriptionLibrary.cpp">
      <Filter>Source Files\Language</Filter>
    </ClCompile>
    <ClCompile Include="DescriptionParser.cpp">
      <Filter>Source Files\Language</Filter>
    </ClCompile>
    <ClCompile Include="LanguageString.cpp">
      <Filter>Source Files\Language</Filter>
    </ClCompile>
    <ClCompile Include="RichString.cpp">
      <Filter>Source Files\Language</Filter>
    </ClCompile>
    <ClCompile Include="RichStringParser.cpp">
      <Filter>Source Files\Language</Filter>
    </ClCompile>
    <ClCompile Include="StringResolver.cpp">
      <Filter>Source Files\Language</Filter>
    </ClCompile>
    <ClCompile Include="LanguagePage.cpp">
      <Filter>Source Files\Language</Filter>
    </ClCompile>
    <ClCompile Include="LookupString.cpp">
      <Filter>Source Files\Language</Filter>
    </ClCompile>
    <ClCompile Include="StringLibrary.cpp">
      <Filter>Source Files\Language</Filter>
    </ClCompile>
    <ClCompile Include="ProjectItem.cpp">
      <Filter>Source Files\Projects</Filter>
    </ClCompile>
    <ClCompile Include="SyntaxHighlight.cpp">
      <Filter>Source Files\Scripts</Filter>
    </ClCompile>
    <ClCompile Include="ScriptObject.cpp">
      <Filter>Source Files\Scripts</Filter>
    </ClCompile>
    <ClCompile Include="ScriptObjectLibrary.cpp">
      <Filter>Source Files\Scripts</Filter>
    </ClCompile>
    <ClCompile Include="CommandSyntax.cpp">
      <Filter>Source Files\Scripts</Filter>
    </ClCompile>
    <ClCompile Include="ParameterSyntax.cpp">
      <Filter>Source Files\Scripts</Filter>
    </ClCompile>
    <ClCompile Include="ReturnValue.cpp">
      <Filter>Source Files\Scripts</Filter>
    </ClCompile>
    <ClCompile Include="ScriptCommand.cpp">
      <Filter>Source Files\Scripts</Filter>
    </ClCompile>
    <ClCompile Include="ScriptFile.cpp">
      <Filter>Source Files\Scripts</Filter>
    </ClCompile>
    <ClCompile Include="ScriptParameter.cpp">
      <Filter>Source Files\Scripts</Filter>
    </ClCompile>
    <ClCompile Include="SyntaxFile.cpp">
      <Filter>Source Files\Scripts</Filter>
    </ClCompile>
    <ClCompile Include="SyntaxLibrary.cpp">
      <Filter>Source Files\Scripts</Filter>
    </ClCompile>
    <ClCompile Include="ExpressionParser.cpp">
      <Filter>Source Files\Scripts\Compiler</Filter>
    </ClCompile>
    <ClCompile Include="CommandLexer.cpp">
      <Filter>Source Files\Scripts\Compiler</Filter>
    </ClCompile>
    <ClCompile Include="ScriptParser.cpp">
      <Filter>Source Files\Scripts\Compiler</Filter>
    </ClCompile>
    <ClCompile Include="ScriptToken.cpp">
      <Filter>Source Files\Scripts\Compiler</Filter>
    </ClCompile>
    <ClCompile Include="GameDataWorker.cpp">
      <Filter>Source Files\Threads</Filter>
    </ClCompile>
    <ClCompile Include="SearchWorker.cpp">
      <Filter>Source Files\Threads</Filter>
    </ClCompile>
    <ClCompile Include="GameObject.cpp">
      <Filter>Source Files\Types</Filter>
    </ClCompile>
    <ClCompile Include="GameObjectLibrary.cpp">
      <Filter>Source Files\Types</Filter>
    </ClCompile>
    <ClCompile Include="TShipReader.cpp">
      <Filter>Source Files\Types</Filter>
    </ClCompile>
    <ClCompile Include="TObject.cpp">
      <Filter>Source Files\Types</Filter>
    </ClCompile>
    <ClCompile Include="PreferencesLibrary.cpp">
      <Filter>Source Files</Filter>
    </ClCompile>
    <ClCompile Include="stdafx.cpp">
      <Filter>Source Files</Filter>
    </ClCompile>
    <ClCompile Include="AppBase.cpp">
      <Filter>Source Files</Filter>
    </ClCompile>
    <ClCompile Include="..\XML\msxml6.cpp">
      <Filter>Source Files\XML</Filter>
    </ClCompile>
    <ClCompile Include="StringStream.cpp">
      <Filter>Source Files\IO</Filter>
    </ClCompile>
    <ClCompile Include="..\Testing\ScriptCodeValidator.cpp">
      <Filter>Source Files\Testing</Filter>
    </ClCompile>
    <ClCompile Include="..\Testing\ScriptTextValidator.cpp">
      <Filter>Source Files\Testing</Filter>
    </ClCompile>
    <ClCompile Include="..\Testing\ScriptValidator.cpp">
      <Filter>Source Files\Testing</Filter>
    </ClCompile>
    <ClCompile Include="..\Testing\LogicTests.cpp">
      <Filter>Source Files\Testing</Filter>
    </ClCompile>
    <ClCompile Include="ProjectFile.cpp">
      <Filter>Source Files\Projects</Filter>
    </ClCompile>
    <ClCompile Include="BackupFile.cpp">
      <Filter>Source Files\Projects</Filter>
    </ClCompile>
    <ClCompile Include="XZip.cpp">
      <Filter>Source Files\IO</Filter>
    </ClCompile>
    <ClCompile Include="ZipFile.cpp">
      <Filter>Source Files\IO</Filter>
    </ClCompile>
    <ClCompile Include="ImportProjectWorker.cpp">
      <Filter>Source Files\Threads</Filter>
    </ClCompile>
    <ClCompile Include="TemplateFileReader.cpp">
      <Filter>Source Files\IO</Filter>
    </ClCompile>
    <ClCompile Include="ScriptValueReader.cpp">
      <Filter>Source Files\IO</Filter>
    </ClCompile>
    <ClCompile Include="SyntaxTree.cpp">
      <Filter>Source Files\Scripts</Filter>
    </ClCompile>
    <ClCompile Include="SyntaxFileWriter.cpp">
      <Filter>Source Files\IO</Filter>
    </ClCompile>
    <ClCompile Include="SyntaxFileReader.cpp">
      <Filter>Source Files\IO</Filter>
    </ClCompile>
    <ClCompile Include="CommandList.cpp">
      <Filter>Source Files\Scripts</Filter>
    </ClCompile>
    <ClCompile Include="CommandNodeList.cpp">
      <Filter>Source Files\Scripts\Compiler</Filter>
    </ClCompile>
    <ClCompile Include="EncryptedX2Stream.cpp">
      <Filter>Source Files\IO</Filter>
    </ClCompile>
    <ClCompile Include="EncryptedX3Stream.cpp">
      <Filter>Source Files\IO</Filter>
    </ClCompile>
    <ClCompile Include="ConsoleWnd.cpp">
      <Filter>Source Files\Utils</Filter>
    </ClCompile>
    <ClCompile Include="Event.cpp">
      <Filter>Source Files\Utils</Filter>
    </ClCompile>
    <ClCompile Include="StringConverter.cpp">
      <Filter>Source Files\Scripts</Filter>
    </ClCompile>
    <ClCompile Include="FileWatcherWorker.cpp">
      <Filter>Source Files\Threads</Filter>
    </ClCompile>
    <ClCompile Include="WorkerData.cpp">
      <Filter>Source Files\Threads</Filter>
    </ClCompile>
    <ClCompile Include="BreadthTraversal.cpp">
      <Filter>Source Files\Scripts\Compiler\Traversals</Filter>
    </ClCompile>
    <ClCompile Include="DepthTraversal.cpp">
      <Filter>Source Files\Scripts\Compiler\Traversals</Filter>
    </ClCompile>
    <ClCompile Include="CommandVerifier.cpp">
      <Filter>Source Files\Scripts\Compiler\Visitors</Filter>
    </ClCompile>
    <ClCompile Include="CommandGenerator.cpp">
      <Filter>Source Files\Scripts\Compiler\Visitors</Filter>
    </ClCompile>
    <ClCompile Include="NodePrinter.cpp">
      <Filter>Source Files\Scripts\Compiler\Visitors</Filter>
    </ClCompile>
    <ClCompile Include="VariableIdentifier.cpp">
      <Filter>Source Files\Scripts\Compiler\Visitors</Filter>
    </ClCompile>
    <ClCompile Include="ConstantIdentifier.cpp">
      <Filter>Source Files\Scripts\Compiler\Visitors</Filter>
    </ClCompile>
    <ClCompile Include="NodeLinker.cpp">
      <Filter>Source Files\Scripts\Compiler\Visitors</Filter>
    </ClCompile>
    <ClCompile Include="LinkageFinalizer.cpp">
      <Filter>Source Files\Scripts\Compiler\Visitors</Filter>
    </ClCompile>
    <ClCompile Include="NodeIndexer.cpp">
      <Filter>Source Files\Scripts\Compiler\Visitors</Filter>
    </ClCompile>
    <ClCompile Include="LogicVerifier.cpp">
      <Filter>Source Files\Scripts\Compiler\Visitors</Filter>
    </ClCompile>
    <ClCompile Include="TerminationVerifier.cpp">
      <Filter>Source Files\Scripts\Compiler\Visitors</Filter>
    </ClCompile>
    <ClCompile Include="CommandNode.cpp">
      <Filter>Source Files\Scripts\Compiler</Filter>
    </ClCompile>
    <ClCompile Include="CommandTree.cpp">
      <Filter>Source Files\Scripts\Compiler</Filter>
    </ClCompile>
    <ClCompile Include="SymbolSearcher.cpp">
      <Filter>Source Files\Scripts\Compiler\Visitors</Filter>
    </ClCompile>
    <ClCompile Include="MacroExpander.cpp">
      <Filter>Source Files\Scripts\Compiler\Visitors</Filter>
    </ClCompile>
  </ItemGroup>
  <ItemGroup>
    <None Include="..\XML\msxml6.tlh">
      <Filter>Header Files\XML</Filter>
    </None>
  </ItemGroup>
</Project>